// !$*UTF8*$!
{
	archiveVersion = 1;
	classes = {
	};
	objectVersion = 56;
	objects = {

/* Begin PBXBuildFile section */
		601A0C122A095ECA00072DBA /* Image+Ext.swift in Sources */ = {isa = PBXBuildFile; fileRef = 601A0C112A095ECA00072DBA /* Image+Ext.swift */; };
		601A0C142A09652800072DBA /* PriceTextField.swift in Sources */ = {isa = PBXBuildFile; fileRef = 601A0C132A09652800072DBA /* PriceTextField.swift */; };
		602EC15C29DC752F00E8B470 /* WishlistView.swift in Sources */ = {isa = PBXBuildFile; fileRef = 602EC15B29DC752F00E8B470 /* WishlistView.swift */; };
		602EC15E29DC844F00E8B470 /* AddProductView.swift in Sources */ = {isa = PBXBuildFile; fileRef = 602EC15D29DC844F00E8B470 /* AddProductView.swift */; };
		602EC16129DC84DF00E8B470 /* AddProductVModel.swift in Sources */ = {isa = PBXBuildFile; fileRef = 602EC16029DC84DF00E8B470 /* AddProductVModel.swift */; };
		604E77A429F6E56800562F9F /* ZFileManager.swift in Sources */ = {isa = PBXBuildFile; fileRef = 604E77A329F6E56800562F9F /* ZFileManager.swift */; };
		604E77A629F97C7D00562F9F /* MyProductsViewModel.swift in Sources */ = {isa = PBXBuildFile; fileRef = 604E77A529F97C7D00562F9F /* MyProductsViewModel.swift */; };
		605B5B7629F03E0F00973AD1 /* ProductsContainer.xcdatamodeld in Sources */ = {isa = PBXBuildFile; fileRef = 605B5B7429F03E0F00973AD1 /* ProductsContainer.xcdatamodeld */; };
		605B5B7829F0455C00973AD1 /* CoreDataService.swift in Sources */ = {isa = PBXBuildFile; fileRef = 605B5B7729F0455C00973AD1 /* CoreDataService.swift */; };
		605B5B7A29F049EB00973AD1 /* HomeViewModel.swift in Sources */ = {isa = PBXBuildFile; fileRef = 605B5B7929F049EB00973AD1 /* HomeViewModel.swift */; };
		605B5B7C29F1A1E500973AD1 /* ProductCellViewModel.swift in Sources */ = {isa = PBXBuildFile; fileRef = 605B5B7B29F1A1E500973AD1 /* ProductCellViewModel.swift */; };
		606EF9BA29C96E120024B7EB /* ZenventoryApp.swift in Sources */ = {isa = PBXBuildFile; fileRef = 606EF9B929C96E120024B7EB /* ZenventoryApp.swift */; };
		606EF9BC29C96E120024B7EB /* HomeView.swift in Sources */ = {isa = PBXBuildFile; fileRef = 606EF9BB29C96E120024B7EB /* HomeView.swift */; };
		606EF9BE29C96E130024B7EB /* Assets.xcassets in Resources */ = {isa = PBXBuildFile; fileRef = 606EF9BD29C96E130024B7EB /* Assets.xcassets */; };
		606EF9C129C96E130024B7EB /* Preview Assets.xcassets in Resources */ = {isa = PBXBuildFile; fileRef = 606EF9C029C96E130024B7EB /* Preview Assets.xcassets */; };
		606EF9E529C970EA0024B7EB /* Color+Ext.swift in Sources */ = {isa = PBXBuildFile; fileRef = 606EF9E429C970EA0024B7EB /* Color+Ext.swift */; };
		606EF9E829C9724E0024B7EB /* TabBarView.swift in Sources */ = {isa = PBXBuildFile; fileRef = 606EF9E729C9724E0024B7EB /* TabBarView.swift */; };
		606EF9EA29C9725B0024B7EB /* ProfileView.swift in Sources */ = {isa = PBXBuildFile; fileRef = 606EF9E929C9725B0024B7EB /* ProfileView.swift */; };
		606EF9EC29C9793A0024B7EB /* ZTabView.swift in Sources */ = {isa = PBXBuildFile; fileRef = 606EF9EB29C9793A0024B7EB /* ZTabView.swift */; };
		606EF9EF29C980A60024B7EB /* TileView.swift in Sources */ = {isa = PBXBuildFile; fileRef = 606EF9EE29C980A60024B7EB /* TileView.swift */; };
		607346E729E9BC3000110F01 /* Publisher+Ext.swift in Sources */ = {isa = PBXBuildFile; fileRef = 607346E629E9BC3000110F01 /* Publisher+Ext.swift */; };
		607346EE29EDC8A500110F01 /* TextFieldWithStatus.swift in Sources */ = {isa = PBXBuildFile; fileRef = 607346ED29EDC8A500110F01 /* TextFieldWithStatus.swift */; };
		607346F029EDCC9700110F01 /* String+Ext.swift in Sources */ = {isa = PBXBuildFile; fileRef = 607346EF29EDCC9700110F01 /* String+Ext.swift */; };
		607346F229EEE73300110F01 /* AddProductVModel_Tests.swift in Sources */ = {isa = PBXBuildFile; fileRef = 607346F129EEE73300110F01 /* AddProductVModel_Tests.swift */; };
		607346F529EEEE3000110F01 /* String+Ext_Tests.swift in Sources */ = {isa = PBXBuildFile; fileRef = 607346F429EEEE3000110F01 /* String+Ext_Tests.swift */; };
		6090E93129DB46A0007131C5 /* ProductCell.swift in Sources */ = {isa = PBXBuildFile; fileRef = 6090E93029DB46A0007131C5 /* ProductCell.swift */; };
		6096E3952A0A91420089F908 /* ZFileManagerError.swift in Sources */ = {isa = PBXBuildFile; fileRef = 6096E3942A0A91420089F908 /* ZFileManagerError.swift */; };
		60A030132A00FF5F00818118 /* MyProductsViewModel_Tests.swift in Sources */ = {isa = PBXBuildFile; fileRef = 60A030122A00FF5F00818118 /* MyProductsViewModel_Tests.swift */; };
		60A030152A00FFB500818118 /* MockCoreData.swift in Sources */ = {isa = PBXBuildFile; fileRef = 60A030142A00FFB500818118 /* MockCoreData.swift */; };
		60A030172A0105F000818118 /* MyProductsFilterView.swift in Sources */ = {isa = PBXBuildFile; fileRef = 60A030162A0105F000818118 /* MyProductsFilterView.swift */; };
		60A0301D2A012F6900818118 /* PresentationDetent+Ext.swift in Sources */ = {isa = PBXBuildFile; fileRef = 60A0301C2A012F6900818118 /* PresentationDetent+Ext.swift */; };
		60A0301F2A03630500818118 /* CoreDataManager.swift in Sources */ = {isa = PBXBuildFile; fileRef = 60A0301E2A03630500818118 /* CoreDataManager.swift */; };
		60A030212A0410F300818118 /* ProductDetailsView.swift in Sources */ = {isa = PBXBuildFile; fileRef = 60A030202A0410F300818118 /* ProductDetailsView.swift */; };
		60A030232A04110600818118 /* ProductDetailsVM.swift in Sources */ = {isa = PBXBuildFile; fileRef = 60A030222A04110600818118 /* ProductDetailsVM.swift */; };
		60A5BF0129CCC9B3008EA2A4 /* MyProductsView.swift in Sources */ = {isa = PBXBuildFile; fileRef = 60A5BF0029CCC9B3008EA2A4 /* MyProductsView.swift */; };
		60B090CF29E5A646009BD972 /* StandardButton.swift in Sources */ = {isa = PBXBuildFile; fileRef = 60B090CE29E5A646009BD972 /* StandardButton.swift */; };
/* End PBXBuildFile section */

/* Begin PBXContainerItemProxy section */
		606EF9C729C96E130024B7EB /* PBXContainerItemProxy */ = {
			isa = PBXContainerItemProxy;
			containerPortal = 606EF9AE29C96E120024B7EB /* Project object */;
			proxyType = 1;
			remoteGlobalIDString = 606EF9B529C96E120024B7EB;
			remoteInfo = Zenventory;
		};
/* End PBXContainerItemProxy section */

/* Begin PBXFileReference section */
		601A0C112A095ECA00072DBA /* Image+Ext.swift */ = {isa = PBXFileReference; lastKnownFileType = sourcecode.swift; path = "Image+Ext.swift"; sourceTree = "<group>"; };
		601A0C132A09652800072DBA /* PriceTextField.swift */ = {isa = PBXFileReference; lastKnownFileType = sourcecode.swift; path = PriceTextField.swift; sourceTree = "<group>"; };
		602EC15B29DC752F00E8B470 /* WishlistView.swift */ = {isa = PBXFileReference; lastKnownFileType = sourcecode.swift; path = WishlistView.swift; sourceTree = "<group>"; };
		602EC15D29DC844F00E8B470 /* AddProductView.swift */ = {isa = PBXFileReference; lastKnownFileType = sourcecode.swift; path = AddProductView.swift; sourceTree = "<group>"; };
		602EC16029DC84DF00E8B470 /* AddProductVModel.swift */ = {isa = PBXFileReference; lastKnownFileType = sourcecode.swift; path = AddProductVModel.swift; sourceTree = "<group>"; };
		604E77A329F6E56800562F9F /* ZFileManager.swift */ = {isa = PBXFileReference; fileEncoding = 4; lastKnownFileType = sourcecode.swift; path = ZFileManager.swift; sourceTree = "<group>"; };
		604E77A529F97C7D00562F9F /* MyProductsViewModel.swift */ = {isa = PBXFileReference; lastKnownFileType = sourcecode.swift; path = MyProductsViewModel.swift; sourceTree = "<group>"; };
		605B5B7529F03E0F00973AD1 /* ProductsContainer.xcdatamodel */ = {isa = PBXFileReference; lastKnownFileType = wrapper.xcdatamodel; path = ProductsContainer.xcdatamodel; sourceTree = "<group>"; };
		605B5B7729F0455C00973AD1 /* CoreDataService.swift */ = {isa = PBXFileReference; lastKnownFileType = sourcecode.swift; path = CoreDataService.swift; sourceTree = "<group>"; };
		605B5B7929F049EB00973AD1 /* HomeViewModel.swift */ = {isa = PBXFileReference; lastKnownFileType = sourcecode.swift; path = HomeViewModel.swift; sourceTree = "<group>"; };
		605B5B7B29F1A1E500973AD1 /* ProductCellViewModel.swift */ = {isa = PBXFileReference; lastKnownFileType = sourcecode.swift; path = ProductCellViewModel.swift; sourceTree = "<group>"; };
		606EF9B629C96E120024B7EB /* Zenventory.app */ = {isa = PBXFileReference; explicitFileType = wrapper.application; includeInIndex = 0; path = Zenventory.app; sourceTree = BUILT_PRODUCTS_DIR; };
		606EF9B929C96E120024B7EB /* ZenventoryApp.swift */ = {isa = PBXFileReference; lastKnownFileType = sourcecode.swift; path = ZenventoryApp.swift; sourceTree = "<group>"; };
		606EF9BB29C96E120024B7EB /* HomeView.swift */ = {isa = PBXFileReference; lastKnownFileType = sourcecode.swift; path = HomeView.swift; sourceTree = "<group>"; };
		606EF9BD29C96E130024B7EB /* Assets.xcassets */ = {isa = PBXFileReference; lastKnownFileType = folder.assetcatalog; path = Assets.xcassets; sourceTree = "<group>"; };
		606EF9C029C96E130024B7EB /* Preview Assets.xcassets */ = {isa = PBXFileReference; lastKnownFileType = folder.assetcatalog; path = "Preview Assets.xcassets"; sourceTree = "<group>"; };
		606EF9C629C96E130024B7EB /* ZenventoryTests.xctest */ = {isa = PBXFileReference; explicitFileType = wrapper.cfbundle; includeInIndex = 0; path = ZenventoryTests.xctest; sourceTree = BUILT_PRODUCTS_DIR; };
		606EF9E429C970EA0024B7EB /* Color+Ext.swift */ = {isa = PBXFileReference; lastKnownFileType = sourcecode.swift; path = "Color+Ext.swift"; sourceTree = "<group>"; };
		606EF9E729C9724E0024B7EB /* TabBarView.swift */ = {isa = PBXFileReference; lastKnownFileType = sourcecode.swift; path = TabBarView.swift; sourceTree = "<group>"; };
		606EF9E929C9725B0024B7EB /* ProfileView.swift */ = {isa = PBXFileReference; lastKnownFileType = sourcecode.swift; path = ProfileView.swift; sourceTree = "<group>"; };
		606EF9EB29C9793A0024B7EB /* ZTabView.swift */ = {isa = PBXFileReference; lastKnownFileType = sourcecode.swift; path = ZTabView.swift; sourceTree = "<group>"; };
		606EF9EE29C980A60024B7EB /* TileView.swift */ = {isa = PBXFileReference; lastKnownFileType = sourcecode.swift; path = TileView.swift; sourceTree = "<group>"; };
		607346E629E9BC3000110F01 /* Publisher+Ext.swift */ = {isa = PBXFileReference; lastKnownFileType = sourcecode.swift; path = "Publisher+Ext.swift"; sourceTree = "<group>"; };
		607346ED29EDC8A500110F01 /* TextFieldWithStatus.swift */ = {isa = PBXFileReference; lastKnownFileType = sourcecode.swift; path = TextFieldWithStatus.swift; sourceTree = "<group>"; };
		607346EF29EDCC9700110F01 /* String+Ext.swift */ = {isa = PBXFileReference; lastKnownFileType = sourcecode.swift; path = "String+Ext.swift"; sourceTree = "<group>"; };
		607346F129EEE73300110F01 /* AddProductVModel_Tests.swift */ = {isa = PBXFileReference; lastKnownFileType = sourcecode.swift; path = AddProductVModel_Tests.swift; sourceTree = "<group>"; };
		607346F429EEEE3000110F01 /* String+Ext_Tests.swift */ = {isa = PBXFileReference; lastKnownFileType = sourcecode.swift; path = "String+Ext_Tests.swift"; sourceTree = "<group>"; };
		6090E93029DB46A0007131C5 /* ProductCell.swift */ = {isa = PBXFileReference; lastKnownFileType = sourcecode.swift; path = ProductCell.swift; sourceTree = "<group>"; };
		6096E3942A0A91420089F908 /* ZFileManagerError.swift */ = {isa = PBXFileReference; lastKnownFileType = sourcecode.swift; path = ZFileManagerError.swift; sourceTree = "<group>"; };
		60A030122A00FF5F00818118 /* MyProductsViewModel_Tests.swift */ = {isa = PBXFileReference; lastKnownFileType = sourcecode.swift; path = MyProductsViewModel_Tests.swift; sourceTree = "<group>"; };
		60A030142A00FFB500818118 /* MockCoreData.swift */ = {isa = PBXFileReference; lastKnownFileType = sourcecode.swift; path = MockCoreData.swift; sourceTree = "<group>"; };
		60A030162A0105F000818118 /* MyProductsFilterView.swift */ = {isa = PBXFileReference; lastKnownFileType = sourcecode.swift; path = MyProductsFilterView.swift; sourceTree = "<group>"; };
		60A0301C2A012F6900818118 /* PresentationDetent+Ext.swift */ = {isa = PBXFileReference; lastKnownFileType = sourcecode.swift; path = "PresentationDetent+Ext.swift"; sourceTree = "<group>"; };
		60A0301E2A03630500818118 /* CoreDataManager.swift */ = {isa = PBXFileReference; lastKnownFileType = sourcecode.swift; path = CoreDataManager.swift; sourceTree = "<group>"; };
		60A030202A0410F300818118 /* ProductDetailsView.swift */ = {isa = PBXFileReference; lastKnownFileType = sourcecode.swift; path = ProductDetailsView.swift; sourceTree = "<group>"; };
		60A030222A04110600818118 /* ProductDetailsVM.swift */ = {isa = PBXFileReference; lastKnownFileType = sourcecode.swift; path = ProductDetailsVM.swift; sourceTree = "<group>"; };
		60A5BF0029CCC9B3008EA2A4 /* MyProductsView.swift */ = {isa = PBXFileReference; lastKnownFileType = sourcecode.swift; path = MyProductsView.swift; sourceTree = "<group>"; };
		60A5BF0629CCD3C9008EA2A4 /* Info.plist */ = {isa = PBXFileReference; lastKnownFileType = text.plist; path = Info.plist; sourceTree = "<group>"; };
		60B090CE29E5A646009BD972 /* StandardButton.swift */ = {isa = PBXFileReference; lastKnownFileType = sourcecode.swift; path = StandardButton.swift; sourceTree = "<group>"; };
/* End PBXFileReference section */

/* Begin PBXFrameworksBuildPhase section */
		606EF9B329C96E120024B7EB /* Frameworks */ = {
			isa = PBXFrameworksBuildPhase;
			buildActionMask = 2147483647;
			files = (
			);
			runOnlyForDeploymentPostprocessing = 0;
		};
		606EF9C329C96E130024B7EB /* Frameworks */ = {
			isa = PBXFrameworksBuildPhase;
			buildActionMask = 2147483647;
			files = (
			);
			runOnlyForDeploymentPostprocessing = 0;
		};
/* End PBXFrameworksBuildPhase section */

/* Begin PBXGroup section */
		601A0C0E2A095DD100072DBA /* Modifiers */ = {
			isa = PBXGroup;
			children = (
				601A0C132A09652800072DBA /* PriceTextField.swift */,
				60B090CE29E5A646009BD972 /* StandardButton.swift */,
			);
			path = Modifiers;
			sourceTree = "<group>";
		};
		602EC15F29DC84BC00E8B470 /* ViewModels */ = {
			isa = PBXGroup;
			children = (
				602EC16029DC84DF00E8B470 /* AddProductVModel.swift */,
				605B5B7B29F1A1E500973AD1 /* ProductCellViewModel.swift */,
				605B5B7929F049EB00973AD1 /* HomeViewModel.swift */,
				604E77A529F97C7D00562F9F /* MyProductsViewModel.swift */,
				60A030222A04110600818118 /* ProductDetailsVM.swift */,
			);
			path = ViewModels;
			sourceTree = "<group>";
		};
		606EF9AD29C96E120024B7EB = {
			isa = PBXGroup;
			children = (
				606EF9B829C96E120024B7EB /* Zenventory */,
				606EF9C929C96E130024B7EB /* ZenventoryTests */,
				606EF9B729C96E120024B7EB /* Products */,
			);
			sourceTree = "<group>";
		};
		606EF9B729C96E120024B7EB /* Products */ = {
			isa = PBXGroup;
			children = (
				606EF9B629C96E120024B7EB /* Zenventory.app */,
				606EF9C629C96E130024B7EB /* ZenventoryTests.xctest */,
			);
			name = Products;
			sourceTree = "<group>";
		};
		606EF9B829C96E120024B7EB /* Zenventory */ = {
			isa = PBXGroup;
			children = (
				60A5BF0629CCD3C9008EA2A4 /* Info.plist */,
				6096E3962A0ACB360089F908 /* Services */,
				60A248F329CAC75F00809C51 /* Extensions */,
				60A248F029CAC6CE00809C51 /* Utilities */,
				602EC15F29DC84BC00E8B470 /* ViewModels */,
				606EF9E629C9711F0024B7EB /* Views */,
				606EF9E329C970D00024B7EB /* Model */,
				606EF9B929C96E120024B7EB /* ZenventoryApp.swift */,
				606EF9BD29C96E130024B7EB /* Assets.xcassets */,
				606EF9BF29C96E130024B7EB /* Preview Content */,
			);
			path = Zenventory;
			sourceTree = "<group>";
		};
		606EF9BF29C96E130024B7EB /* Preview Content */ = {
			isa = PBXGroup;
			children = (
				606EF9C029C96E130024B7EB /* Preview Assets.xcassets */,
			);
			path = "Preview Content";
			sourceTree = "<group>";
		};
		606EF9C929C96E130024B7EB /* ZenventoryTests */ = {
			isa = PBXGroup;
			children = (
				607346F329EEEE1400110F01 /* Extensions_Tests */,
				607346F129EEE73300110F01 /* AddProductVModel_Tests.swift */,
				60A030122A00FF5F00818118 /* MyProductsViewModel_Tests.swift */,
				60A030142A00FFB500818118 /* MockCoreData.swift */,
			);
			path = ZenventoryTests;
			sourceTree = "<group>";
		};
		606EF9E329C970D00024B7EB /* Model */ = {
			isa = PBXGroup;
			children = (
				605B5B7429F03E0F00973AD1 /* ProductsContainer.xcdatamodeld */,
			);
			path = Model;
			sourceTree = "<group>";
		};
		606EF9E629C9711F0024B7EB /* Views */ = {
			isa = PBXGroup;
			children = (
				601A0C0E2A095DD100072DBA /* Modifiers */,
				606EF9ED29C980810024B7EB /* Subviews */,
				606EF9E729C9724E0024B7EB /* TabBarView.swift */,
				606EF9BB29C96E120024B7EB /* HomeView.swift */,
				606EF9E929C9725B0024B7EB /* ProfileView.swift */,
				60A5BF0029CCC9B3008EA2A4 /* MyProductsView.swift */,
				602EC15B29DC752F00E8B470 /* WishlistView.swift */,
				602EC15D29DC844F00E8B470 /* AddProductView.swift */,
				60A030162A0105F000818118 /* MyProductsFilterView.swift */,
				60A030202A0410F300818118 /* ProductDetailsView.swift */,
			);
			path = Views;
			sourceTree = "<group>";
		};
		606EF9ED29C980810024B7EB /* Subviews */ = {
			isa = PBXGroup;
			children = (
				606EF9EB29C9793A0024B7EB /* ZTabView.swift */,
				606EF9EE29C980A60024B7EB /* TileView.swift */,
				6090E93029DB46A0007131C5 /* ProductCell.swift */,
				607346ED29EDC8A500110F01 /* TextFieldWithStatus.swift */,
			);
			path = Subviews;
			sourceTree = "<group>";
		};
		607346F329EEEE1400110F01 /* Extensions_Tests */ = {
			isa = PBXGroup;
			children = (
				607346F429EEEE3000110F01 /* String+Ext_Tests.swift */,
			);
			path = Extensions_Tests;
			sourceTree = "<group>";
		};
		6096E3962A0ACB360089F908 /* Services */ = {
			isa = PBXGroup;
			children = (
				604E77A329F6E56800562F9F /* ZFileManager.swift */,
				605B5B7729F0455C00973AD1 /* CoreDataService.swift */,
				60A0301E2A03630500818118 /* CoreDataManager.swift */,
				6096E3942A0A91420089F908 /* ZFileManagerError.swift */,
			);
			path = Services;
			sourceTree = "<group>";
		};
		60A248F029CAC6CE00809C51 /* Utilities */ = {
			isa = PBXGroup;
			children = (
			);
			path = Utilities;
			sourceTree = "<group>";
		};
		60A248F329CAC75F00809C51 /* Extensions */ = {
			isa = PBXGroup;
			children = (
				607346E629E9BC3000110F01 /* Publisher+Ext.swift */,
				607346EF29EDCC9700110F01 /* String+Ext.swift */,
				606EF9E429C970EA0024B7EB /* Color+Ext.swift */,
				60A0301C2A012F6900818118 /* PresentationDetent+Ext.swift */,
				601A0C112A095ECA00072DBA /* Image+Ext.swift */,
			);
			path = Extensions;
			sourceTree = "<group>";
		};
/* End PBXGroup section */

/* Begin PBXNativeTarget section */
		606EF9B529C96E120024B7EB /* Zenventory */ = {
			isa = PBXNativeTarget;
			buildConfigurationList = 606EF9DA29C96E130024B7EB /* Build configuration list for PBXNativeTarget "Zenventory" */;
			buildPhases = (
				606EF9B229C96E120024B7EB /* Sources */,
				606EF9B329C96E120024B7EB /* Frameworks */,
				606EF9B429C96E120024B7EB /* Resources */,
			);
			buildRules = (
			);
			dependencies = (
			);
			name = Zenventory;
			productName = Zenventory;
			productReference = 606EF9B629C96E120024B7EB /* Zenventory.app */;
			productType = "com.apple.product-type.application";
		};
		606EF9C529C96E130024B7EB /* ZenventoryTests */ = {
			isa = PBXNativeTarget;
			buildConfigurationList = 606EF9DD29C96E130024B7EB /* Build configuration list for PBXNativeTarget "ZenventoryTests" */;
			buildPhases = (
				606EF9C229C96E130024B7EB /* Sources */,
				606EF9C329C96E130024B7EB /* Frameworks */,
				606EF9C429C96E130024B7EB /* Resources */,
			);
			buildRules = (
			);
			dependencies = (
				606EF9C829C96E130024B7EB /* PBXTargetDependency */,
			);
			name = ZenventoryTests;
			productName = ZenventoryTests;
			productReference = 606EF9C629C96E130024B7EB /* ZenventoryTests.xctest */;
			productType = "com.apple.product-type.bundle.unit-test";
		};
/* End PBXNativeTarget section */

/* Begin PBXProject section */
		606EF9AE29C96E120024B7EB /* Project object */ = {
			isa = PBXProject;
			attributes = {
				BuildIndependentTargetsInParallel = 1;
				LastSwiftUpdateCheck = 1420;
				LastUpgradeCheck = 1420;
				TargetAttributes = {
					606EF9B529C96E120024B7EB = {
						CreatedOnToolsVersion = 14.2;
					};
					606EF9C529C96E130024B7EB = {
						CreatedOnToolsVersion = 14.2;
						TestTargetID = 606EF9B529C96E120024B7EB;
					};
				};
			};
			buildConfigurationList = 606EF9B129C96E120024B7EB /* Build configuration list for PBXProject "Zenventory" */;
			compatibilityVersion = "Xcode 14.0";
			developmentRegion = en;
			hasScannedForEncodings = 0;
			knownRegions = (
				en,
				Base,
			);
			mainGroup = 606EF9AD29C96E120024B7EB;
			productRefGroup = 606EF9B729C96E120024B7EB /* Products */;
			projectDirPath = "";
			projectRoot = "";
			targets = (
				606EF9B529C96E120024B7EB /* Zenventory */,
				606EF9C529C96E130024B7EB /* ZenventoryTests */,
			);
		};
/* End PBXProject section */

/* Begin PBXResourcesBuildPhase section */
		606EF9B429C96E120024B7EB /* Resources */ = {
			isa = PBXResourcesBuildPhase;
			buildActionMask = 2147483647;
			files = (
				606EF9C129C96E130024B7EB /* Preview Assets.xcassets in Resources */,
				606EF9BE29C96E130024B7EB /* Assets.xcassets in Resources */,
			);
			runOnlyForDeploymentPostprocessing = 0;
		};
		606EF9C429C96E130024B7EB /* Resources */ = {
			isa = PBXResourcesBuildPhase;
			buildActionMask = 2147483647;
			files = (
			);
			runOnlyForDeploymentPostprocessing = 0;
		};
/* End PBXResourcesBuildPhase section */

/* Begin PBXSourcesBuildPhase section */
		606EF9B229C96E120024B7EB /* Sources */ = {
			isa = PBXSourcesBuildPhase;
			buildActionMask = 2147483647;
			files = (
				602EC15E29DC844F00E8B470 /* AddProductView.swift in Sources */,
				602EC16129DC84DF00E8B470 /* AddProductVModel.swift in Sources */,
				6090E93129DB46A0007131C5 /* ProductCell.swift in Sources */,
				605B5B7A29F049EB00973AD1 /* HomeViewModel.swift in Sources */,
				604E77A429F6E56800562F9F /* ZFileManager.swift in Sources */,
				607346F029EDCC9700110F01 /* String+Ext.swift in Sources */,
				602EC15C29DC752F00E8B470 /* WishlistView.swift in Sources */,
				606EF9E529C970EA0024B7EB /* Color+Ext.swift in Sources */,
				60A030172A0105F000818118 /* MyProductsFilterView.swift in Sources */,
				6096E3952A0A91420089F908 /* ZFileManagerError.swift in Sources */,
				606EF9EF29C980A60024B7EB /* TileView.swift in Sources */,
				606EF9EC29C9793A0024B7EB /* ZTabView.swift in Sources */,
				604E77A629F97C7D00562F9F /* MyProductsViewModel.swift in Sources */,
				606EF9BC29C96E120024B7EB /* HomeView.swift in Sources */,
				607346E729E9BC3000110F01 /* Publisher+Ext.swift in Sources */,
				606EF9EA29C9725B0024B7EB /* ProfileView.swift in Sources */,
				606EF9E829C9724E0024B7EB /* TabBarView.swift in Sources */,
				601A0C142A09652800072DBA /* PriceTextField.swift in Sources */,
				601A0C122A095ECA00072DBA /* Image+Ext.swift in Sources */,
				605B5B7829F0455C00973AD1 /* CoreDataService.swift in Sources */,
				60A0301F2A03630500818118 /* CoreDataManager.swift in Sources */,
				60A5BF0129CCC9B3008EA2A4 /* MyProductsView.swift in Sources */,
				605B5B7C29F1A1E500973AD1 /* ProductCellViewModel.swift in Sources */,
				60A0301D2A012F6900818118 /* PresentationDetent+Ext.swift in Sources */,
				607346EE29EDC8A500110F01 /* TextFieldWithStatus.swift in Sources */,
				60A030232A04110600818118 /* ProductDetailsVM.swift in Sources */,
				60B090CF29E5A646009BD972 /* StandardButton.swift in Sources */,
				60A030212A0410F300818118 /* ProductDetailsView.swift in Sources */,
				606EF9BA29C96E120024B7EB /* ZenventoryApp.swift in Sources */,
				605B5B7629F03E0F00973AD1 /* ProductsContainer.xcdatamodeld in Sources */,
			);
			runOnlyForDeploymentPostprocessing = 0;
		};
		606EF9C229C96E130024B7EB /* Sources */ = {
			isa = PBXSourcesBuildPhase;
			buildActionMask = 2147483647;
			files = (
				607346F529EEEE3000110F01 /* String+Ext_Tests.swift in Sources */,
				607346F229EEE73300110F01 /* AddProductVModel_Tests.swift in Sources */,
				60A030152A00FFB500818118 /* MockCoreData.swift in Sources */,
				60A030132A00FF5F00818118 /* MyProductsViewModel_Tests.swift in Sources */,
			);
			runOnlyForDeploymentPostprocessing = 0;
		};
/* End PBXSourcesBuildPhase section */

/* Begin PBXTargetDependency section */
		606EF9C829C96E130024B7EB /* PBXTargetDependency */ = {
			isa = PBXTargetDependency;
			target = 606EF9B529C96E120024B7EB /* Zenventory */;
			targetProxy = 606EF9C729C96E130024B7EB /* PBXContainerItemProxy */;
		};
/* End PBXTargetDependency section */

/* Begin XCBuildConfiguration section */
		606EF9D829C96E130024B7EB /* Debug */ = {
			isa = XCBuildConfiguration;
			buildSettings = {
				ALWAYS_SEARCH_USER_PATHS = NO;
				CLANG_ANALYZER_NONNULL = YES;
				CLANG_ANALYZER_NUMBER_OBJECT_CONVERSION = YES_AGGRESSIVE;
				CLANG_CXX_LANGUAGE_STANDARD = "gnu++20";
				CLANG_ENABLE_MODULES = YES;
				CLANG_ENABLE_OBJC_ARC = YES;
				CLANG_ENABLE_OBJC_WEAK = YES;
				CLANG_WARN_BLOCK_CAPTURE_AUTORELEASING = YES;
				CLANG_WARN_BOOL_CONVERSION = YES;
				CLANG_WARN_COMMA = YES;
				CLANG_WARN_CONSTANT_CONVERSION = YES;
				CLANG_WARN_DEPRECATED_OBJC_IMPLEMENTATIONS = YES;
				CLANG_WARN_DIRECT_OBJC_ISA_USAGE = YES_ERROR;
				CLANG_WARN_DOCUMENTATION_COMMENTS = YES;
				CLANG_WARN_EMPTY_BODY = YES;
				CLANG_WARN_ENUM_CONVERSION = YES;
				CLANG_WARN_INFINITE_RECURSION = YES;
				CLANG_WARN_INT_CONVERSION = YES;
				CLANG_WARN_NON_LITERAL_NULL_CONVERSION = YES;
				CLANG_WARN_OBJC_IMPLICIT_RETAIN_SELF = YES;
				CLANG_WARN_OBJC_LITERAL_CONVERSION = YES;
				CLANG_WARN_OBJC_ROOT_CLASS = YES_ERROR;
				CLANG_WARN_QUOTED_INCLUDE_IN_FRAMEWORK_HEADER = YES;
				CLANG_WARN_RANGE_LOOP_ANALYSIS = YES;
				CLANG_WARN_STRICT_PROTOTYPES = YES;
				CLANG_WARN_SUSPICIOUS_MOVE = YES;
				CLANG_WARN_UNGUARDED_AVAILABILITY = YES_AGGRESSIVE;
				CLANG_WARN_UNREACHABLE_CODE = YES;
				CLANG_WARN__DUPLICATE_METHOD_MATCH = YES;
				COPY_PHASE_STRIP = NO;
				DEBUG_INFORMATION_FORMAT = dwarf;
				ENABLE_STRICT_OBJC_MSGSEND = YES;
				ENABLE_TESTABILITY = YES;
				GCC_C_LANGUAGE_STANDARD = gnu11;
				GCC_DYNAMIC_NO_PIC = NO;
				GCC_NO_COMMON_BLOCKS = YES;
				GCC_OPTIMIZATION_LEVEL = 0;
				GCC_PREPROCESSOR_DEFINITIONS = (
					"DEBUG=1",
					"$(inherited)",
				);
				GCC_WARN_64_TO_32_BIT_CONVERSION = YES;
				GCC_WARN_ABOUT_RETURN_TYPE = YES_ERROR;
				GCC_WARN_UNDECLARED_SELECTOR = YES;
				GCC_WARN_UNINITIALIZED_AUTOS = YES_AGGRESSIVE;
				GCC_WARN_UNUSED_FUNCTION = YES;
				GCC_WARN_UNUSED_VARIABLE = YES;
				IPHONEOS_DEPLOYMENT_TARGET = 16.2;
				MTL_ENABLE_DEBUG_INFO = INCLUDE_SOURCE;
				MTL_FAST_MATH = YES;
				ONLY_ACTIVE_ARCH = YES;
				SDKROOT = iphoneos;
				SWIFT_ACTIVE_COMPILATION_CONDITIONS = DEBUG;
				SWIFT_OPTIMIZATION_LEVEL = "-Onone";
			};
			name = Debug;
		};
		606EF9D929C96E130024B7EB /* Release */ = {
			isa = XCBuildConfiguration;
			buildSettings = {
				ALWAYS_SEARCH_USER_PATHS = NO;
				CLANG_ANALYZER_NONNULL = YES;
				CLANG_ANALYZER_NUMBER_OBJECT_CONVERSION = YES_AGGRESSIVE;
				CLANG_CXX_LANGUAGE_STANDARD = "gnu++20";
				CLANG_ENABLE_MODULES = YES;
				CLANG_ENABLE_OBJC_ARC = YES;
				CLANG_ENABLE_OBJC_WEAK = YES;
				CLANG_WARN_BLOCK_CAPTURE_AUTORELEASING = YES;
				CLANG_WARN_BOOL_CONVERSION = YES;
				CLANG_WARN_COMMA = YES;
				CLANG_WARN_CONSTANT_CONVERSION = YES;
				CLANG_WARN_DEPRECATED_OBJC_IMPLEMENTATIONS = YES;
				CLANG_WARN_DIRECT_OBJC_ISA_USAGE = YES_ERROR;
				CLANG_WARN_DOCUMENTATION_COMMENTS = YES;
				CLANG_WARN_EMPTY_BODY = YES;
				CLANG_WARN_ENUM_CONVERSION = YES;
				CLANG_WARN_INFINITE_RECURSION = YES;
				CLANG_WARN_INT_CONVERSION = YES;
				CLANG_WARN_NON_LITERAL_NULL_CONVERSION = YES;
				CLANG_WARN_OBJC_IMPLICIT_RETAIN_SELF = YES;
				CLANG_WARN_OBJC_LITERAL_CONVERSION = YES;
				CLANG_WARN_OBJC_ROOT_CLASS = YES_ERROR;
				CLANG_WARN_QUOTED_INCLUDE_IN_FRAMEWORK_HEADER = YES;
				CLANG_WARN_RANGE_LOOP_ANALYSIS = YES;
				CLANG_WARN_STRICT_PROTOTYPES = YES;
				CLANG_WARN_SUSPICIOUS_MOVE = YES;
				CLANG_WARN_UNGUARDED_AVAILABILITY = YES_AGGRESSIVE;
				CLANG_WARN_UNREACHABLE_CODE = YES;
				CLANG_WARN__DUPLICATE_METHOD_MATCH = YES;
				COPY_PHASE_STRIP = NO;
				DEBUG_INFORMATION_FORMAT = "dwarf-with-dsym";
				ENABLE_NS_ASSERTIONS = NO;
				ENABLE_STRICT_OBJC_MSGSEND = YES;
				GCC_C_LANGUAGE_STANDARD = gnu11;
				GCC_NO_COMMON_BLOCKS = YES;
				GCC_WARN_64_TO_32_BIT_CONVERSION = YES;
				GCC_WARN_ABOUT_RETURN_TYPE = YES_ERROR;
				GCC_WARN_UNDECLARED_SELECTOR = YES;
				GCC_WARN_UNINITIALIZED_AUTOS = YES_AGGRESSIVE;
				GCC_WARN_UNUSED_FUNCTION = YES;
				GCC_WARN_UNUSED_VARIABLE = YES;
				IPHONEOS_DEPLOYMENT_TARGET = 16.2;
				MTL_ENABLE_DEBUG_INFO = NO;
				MTL_FAST_MATH = YES;
				SDKROOT = iphoneos;
				SWIFT_COMPILATION_MODE = wholemodule;
				SWIFT_OPTIMIZATION_LEVEL = "-O";
				VALIDATE_PRODUCT = YES;
			};
			name = Release;
		};
		606EF9DB29C96E130024B7EB /* Debug */ = {
			isa = XCBuildConfiguration;
			buildSettings = {
				ASSETCATALOG_COMPILER_APPICON_NAME = AppIcon;
				ASSETCATALOG_COMPILER_GLOBAL_ACCENT_COLOR_NAME = AccentColor;
				CODE_SIGN_STYLE = Automatic;
				CURRENT_PROJECT_VERSION = 1;
				DEVELOPMENT_ASSET_PATHS = "\"Zenventory/Preview Content\"";
				DEVELOPMENT_TEAM = 9AWGRVU6P9;
				ENABLE_PREVIEWS = YES;
				GENERATE_INFOPLIST_FILE = YES;
				INFOPLIST_FILE = Zenventory/Info.plist;
				INFOPLIST_KEY_UIApplicationSupportsIndirectInputEvents = YES;
				INFOPLIST_KEY_UILaunchScreen_Generation = YES;
				INFOPLIST_KEY_UISupportedInterfaceOrientations_iPad = "UIInterfaceOrientationPortrait UIInterfaceOrientationPortraitUpsideDown UIInterfaceOrientationLandscapeLeft UIInterfaceOrientationLandscapeRight";
				INFOPLIST_KEY_UISupportedInterfaceOrientations_iPhone = "UIInterfaceOrientationPortrait UIInterfaceOrientationLandscapeLeft UIInterfaceOrientationLandscapeRight";
				LD_RUNPATH_SEARCH_PATHS = (
					"$(inherited)",
					"@executable_path/Frameworks",
				);
				MARKETING_VERSION = 1.0;
				PRODUCT_BUNDLE_IDENTIFIER = sebastianhajduk.Zenventory;
				PRODUCT_NAME = "$(TARGET_NAME)";
				SWIFT_EMIT_LOC_STRINGS = YES;
				SWIFT_VERSION = 5.0;
				TARGETED_DEVICE_FAMILY = "1,2";
			};
			name = Debug;
		};
		606EF9DC29C96E130024B7EB /* Release */ = {
			isa = XCBuildConfiguration;
			buildSettings = {
				ASSETCATALOG_COMPILER_APPICON_NAME = AppIcon;
				ASSETCATALOG_COMPILER_GLOBAL_ACCENT_COLOR_NAME = AccentColor;
				CODE_SIGN_STYLE = Automatic;
				CURRENT_PROJECT_VERSION = 1;
				DEVELOPMENT_ASSET_PATHS = "\"Zenventory/Preview Content\"";
				DEVELOPMENT_TEAM = 9AWGRVU6P9;
				ENABLE_PREVIEWS = YES;
				GENERATE_INFOPLIST_FILE = YES;
				INFOPLIST_FILE = Zenventory/Info.plist;
				INFOPLIST_KEY_UIApplicationSupportsIndirectInputEvents = YES;
				INFOPLIST_KEY_UILaunchScreen_Generation = YES;
				INFOPLIST_KEY_UISupportedInterfaceOrientations_iPad = "UIInterfaceOrientationPortrait UIInterfaceOrientationPortraitUpsideDown UIInterfaceOrientationLandscapeLeft UIInterfaceOrientationLandscapeRight";
				INFOPLIST_KEY_UISupportedInterfaceOrientations_iPhone = "UIInterfaceOrientationPortrait UIInterfaceOrientationLandscapeLeft UIInterfaceOrientationLandscapeRight";
				LD_RUNPATH_SEARCH_PATHS = (
					"$(inherited)",
					"@executable_path/Frameworks",
				);
				MARKETING_VERSION = 1.0;
				PRODUCT_BUNDLE_IDENTIFIER = sebastianhajduk.Zenventory;
				PRODUCT_NAME = "$(TARGET_NAME)";
				SWIFT_EMIT_LOC_STRINGS = YES;
				SWIFT_VERSION = 5.0;
				TARGETED_DEVICE_FAMILY = "1,2";
			};
			name = Release;
		};
		606EF9DE29C96E130024B7EB /* Debug */ = {
			isa = XCBuildConfiguration;
			buildSettings = {
				ALWAYS_EMBED_SWIFT_STANDARD_LIBRARIES = YES;
				BUNDLE_LOADER = "$(TEST_HOST)";
				CODE_SIGN_STYLE = Automatic;
				CURRENT_PROJECT_VERSION = 1;
				DEVELOPMENT_TEAM = 9AWGRVU6P9;
				GENERATE_INFOPLIST_FILE = YES;
				IPHONEOS_DEPLOYMENT_TARGET = 16.2;
				MARKETING_VERSION = 1.0;
				PRODUCT_BUNDLE_IDENTIFIER = sebastianhajduk.ZenventoryTests;
				PRODUCT_NAME = "$(TARGET_NAME)";
				SWIFT_EMIT_LOC_STRINGS = NO;
				SWIFT_VERSION = 5.0;
				TARGETED_DEVICE_FAMILY = "1,2";
				TEST_HOST = "$(BUILT_PRODUCTS_DIR)/Zenventory.app/$(BUNDLE_EXECUTABLE_FOLDER_PATH)/Zenventory";
			};
			name = Debug;
		};
		606EF9DF29C96E130024B7EB /* Release */ = {
			isa = XCBuildConfiguration;
			buildSettings = {
				ALWAYS_EMBED_SWIFT_STANDARD_LIBRARIES = YES;
				BUNDLE_LOADER = "$(TEST_HOST)";
				CODE_SIGN_STYLE = Automatic;
				CURRENT_PROJECT_VERSION = 1;
				DEVELOPMENT_TEAM = 9AWGRVU6P9;
				GENERATE_INFOPLIST_FILE = YES;
				IPHONEOS_DEPLOYMENT_TARGET = 16.2;
				MARKETING_VERSION = 1.0;
				PRODUCT_BUNDLE_IDENTIFIER = sebastianhajduk.ZenventoryTests;
				PRODUCT_NAME = "$(TARGET_NAME)";
				SWIFT_EMIT_LOC_STRINGS = NO;
				SWIFT_VERSION = 5.0;
				TARGETED_DEVICE_FAMILY = "1,2";
				TEST_HOST = "$(BUILT_PRODUCTS_DIR)/Zenventory.app/$(BUNDLE_EXECUTABLE_FOLDER_PATH)/Zenventory";
			};
			name = Release;
		};
/* End XCBuildConfiguration section */

/* Begin XCConfigurationList section */
		606EF9B129C96E120024B7EB /* Build configuration list for PBXProject "Zenventory" */ = {
			isa = XCConfigurationList;
			buildConfigurations = (
				606EF9D829C96E130024B7EB /* Debug */,
				606EF9D929C96E130024B7EB /* Release */,
			);
			defaultConfigurationIsVisible = 0;
			defaultConfigurationName = Release;
		};
		606EF9DA29C96E130024B7EB /* Build configuration list for PBXNativeTarget "Zenventory" */ = {
			isa = XCConfigurationList;
			buildConfigurations = (
				606EF9DB29C96E130024B7EB /* Debug */,
				606EF9DC29C96E130024B7EB /* Release */,
			);
			defaultConfigurationIsVisible = 0;
			defaultConfigurationName = Release;
		};
		606EF9DD29C96E130024B7EB /* Build configuration list for PBXNativeTarget "ZenventoryTests" */ = {
			isa = XCConfigurationList;
			buildConfigurations = (
				606EF9DE29C96E130024B7EB /* Debug */,
				606EF9DF29C96E130024B7EB /* Release */,
			);
			defaultConfigurationIsVisible = 0;
			defaultConfigurationName = Release;
		};
/* End XCConfigurationList section */

/* Begin XCVersionGroup section */
		605B5B7429F03E0F00973AD1 /* ProductsContainer.xcdatamodeld */ = {
			isa = XCVersionGroup;
			children = (
				605B5B7529F03E0F00973AD1 /* ProductsContainer.xcdatamodel */,
			);
			currentVersion = 605B5B7529F03E0F00973AD1 /* ProductsContainer.xcdatamodel */;
			path = ProductsContainer.xcdatamodeld;
			sourceTree = "<group>";
			versionGroupType = wrapper.xcdatamodel;
		};
/* End XCVersionGroup section */
	};
	rootObject = 606EF9AE29C96E120024B7EB /* Project object */;
}
