// !$*UTF8*$!
{
	archiveVersion = 1;
	classes = {
	};
	objectVersion = 56;
	objects = {

/* Begin PBXBuildFile section */
		6009C11D2A66CB5D0089908A /* AddWishlistProductView.swift in Sources */ = {isa = PBXBuildFile; fileRef = 6009C11C2A66CB5D0089908A /* AddWishlistProductView.swift */; };
		6016FB3F2A659F320082ABBA /* WishlistViewModel.swift in Sources */ = {isa = PBXBuildFile; fileRef = 6016FB3E2A659F320082ABBA /* WishlistViewModel.swift */; };
		60171D852A6AA1690059BD86 /* AddWishlistProductViewModel.swift in Sources */ = {isa = PBXBuildFile; fileRef = 60171D842A6AA1690059BD86 /* AddWishlistProductViewModel.swift */; };
		601A0C122A095ECA00072DBA /* Image+Ext.swift in Sources */ = {isa = PBXBuildFile; fileRef = 601A0C112A095ECA00072DBA /* Image+Ext.swift */; };
		601A0C142A09652800072DBA /* PriceTextField.swift in Sources */ = {isa = PBXBuildFile; fileRef = 601A0C132A09652800072DBA /* PriceTextField.swift */; };
		60283AC52A1FBCA30075812A /* Date+Ext_Tests.swift in Sources */ = {isa = PBXBuildFile; fileRef = 60283AC42A1FBCA30075812A /* Date+Ext_Tests.swift */; };
		60283AC72A1FBE680075812A /* ProductCellViewModel_Tests.swift in Sources */ = {isa = PBXBuildFile; fileRef = 60283AC62A1FBE680075812A /* ProductCellViewModel_Tests.swift */; };
		602EC15C29DC752F00E8B470 /* WishlistView.swift in Sources */ = {isa = PBXBuildFile; fileRef = 602EC15B29DC752F00E8B470 /* WishlistView.swift */; };
		602EC15E29DC844F00E8B470 /* AddProductView.swift in Sources */ = {isa = PBXBuildFile; fileRef = 602EC15D29DC844F00E8B470 /* AddProductView.swift */; };
		602EC16129DC84DF00E8B470 /* AddProductViewModel.swift in Sources */ = {isa = PBXBuildFile; fileRef = 602EC16029DC84DF00E8B470 /* AddProductViewModel.swift */; };
		603BE4092A8D4D2600FD038D /* CustomCameraView.swift in Sources */ = {isa = PBXBuildFile; fileRef = 603BE4082A8D4D2600FD038D /* CustomCameraView.swift */; };
		604B0FCF2A1FC1E900EEBE39 /* HomeViewModel_Tests.swift in Sources */ = {isa = PBXBuildFile; fileRef = 604B0FCE2A1FC1E900EEBE39 /* HomeViewModel_Tests.swift */; };
		604E77A429F6E56800562F9F /* ZFileManager.swift in Sources */ = {isa = PBXBuildFile; fileRef = 604E77A329F6E56800562F9F /* ZFileManager.swift */; };
		604E77A629F97C7D00562F9F /* MyProductsViewModel.swift in Sources */ = {isa = PBXBuildFile; fileRef = 604E77A529F97C7D00562F9F /* MyProductsViewModel.swift */; };
		6051BD302A85361100CFFC30 /* TapButtonStyle.swift in Sources */ = {isa = PBXBuildFile; fileRef = 6051BD2F2A85361100CFFC30 /* TapButtonStyle.swift */; };
		605B5B7629F03E0F00973AD1 /* ProductsContainer.xcdatamodeld in Sources */ = {isa = PBXBuildFile; fileRef = 605B5B7429F03E0F00973AD1 /* ProductsContainer.xcdatamodeld */; };
		605B5B7829F0455C00973AD1 /* CoreDataService.swift in Sources */ = {isa = PBXBuildFile; fileRef = 605B5B7729F0455C00973AD1 /* CoreDataService.swift */; };
		605B5B7A29F049EB00973AD1 /* HomeViewModel.swift in Sources */ = {isa = PBXBuildFile; fileRef = 605B5B7929F049EB00973AD1 /* HomeViewModel.swift */; };
		605B5B7C29F1A1E500973AD1 /* ProductCellViewModel.swift in Sources */ = {isa = PBXBuildFile; fileRef = 605B5B7B29F1A1E500973AD1 /* ProductCellViewModel.swift */; };
		606EF9BA29C96E120024B7EB /* ZenventoryApp.swift in Sources */ = {isa = PBXBuildFile; fileRef = 606EF9B929C96E120024B7EB /* ZenventoryApp.swift */; };
		606EF9BC29C96E120024B7EB /* HomeView.swift in Sources */ = {isa = PBXBuildFile; fileRef = 606EF9BB29C96E120024B7EB /* HomeView.swift */; };
		606EF9BE29C96E130024B7EB /* Assets.xcassets in Resources */ = {isa = PBXBuildFile; fileRef = 606EF9BD29C96E130024B7EB /* Assets.xcassets */; };
		606EF9C129C96E130024B7EB /* Preview Assets.xcassets in Resources */ = {isa = PBXBuildFile; fileRef = 606EF9C029C96E130024B7EB /* Preview Assets.xcassets */; };
		606EF9E529C970EA0024B7EB /* Color+Ext.swift in Sources */ = {isa = PBXBuildFile; fileRef = 606EF9E429C970EA0024B7EB /* Color+Ext.swift */; };
		606EF9E829C9724E0024B7EB /* TabBarView.swift in Sources */ = {isa = PBXBuildFile; fileRef = 606EF9E729C9724E0024B7EB /* TabBarView.swift */; };
		606EF9EA29C9725B0024B7EB /* ProfileView.swift in Sources */ = {isa = PBXBuildFile; fileRef = 606EF9E929C9725B0024B7EB /* ProfileView.swift */; };
		606EF9EC29C9793A0024B7EB /* ZTabView.swift in Sources */ = {isa = PBXBuildFile; fileRef = 606EF9EB29C9793A0024B7EB /* ZTabView.swift */; };
		606EF9EF29C980A60024B7EB /* TileView.swift in Sources */ = {isa = PBXBuildFile; fileRef = 606EF9EE29C980A60024B7EB /* TileView.swift */; };
		60711EE02A12B28000E9B60D /* Date+Ext.swift in Sources */ = {isa = PBXBuildFile; fileRef = 60711EDF2A12B28000E9B60D /* Date+Ext.swift */; };
		607346E729E9BC3000110F01 /* Publisher+Ext.swift in Sources */ = {isa = PBXBuildFile; fileRef = 607346E629E9BC3000110F01 /* Publisher+Ext.swift */; };
		607346EE29EDC8A500110F01 /* TextFieldWithStatus.swift in Sources */ = {isa = PBXBuildFile; fileRef = 607346ED29EDC8A500110F01 /* TextFieldWithStatus.swift */; };
		607346F029EDCC9700110F01 /* String+Ext.swift in Sources */ = {isa = PBXBuildFile; fileRef = 607346EF29EDCC9700110F01 /* String+Ext.swift */; };
		607346F229EEE73300110F01 /* AddProductVModel_Tests.swift in Sources */ = {isa = PBXBuildFile; fileRef = 607346F129EEE73300110F01 /* AddProductVModel_Tests.swift */; };
		607346F529EEEE3000110F01 /* String+Ext_Tests.swift in Sources */ = {isa = PBXBuildFile; fileRef = 607346F429EEEE3000110F01 /* String+Ext_Tests.swift */; };
		6074B1282A20F03500D932E5 /* FullscreenPhotoView.swift in Sources */ = {isa = PBXBuildFile; fileRef = 6074B1272A20F03500D932E5 /* FullscreenPhotoView.swift */; };
		6082AC372A72BB7C008ED4F3 /* WishlistProductCellViewModel.swift in Sources */ = {isa = PBXBuildFile; fileRef = 6082AC362A72BB7B008ED4F3 /* WishlistProductCellViewModel.swift */; };
		6082AC3B2A752753008ED4F3 /* HistoryView.swift in Sources */ = {isa = PBXBuildFile; fileRef = 6082AC3A2A752753008ED4F3 /* HistoryView.swift */; };
		6084779D2A18FD8700F7CD34 /* WishlistProductCellView.swift in Sources */ = {isa = PBXBuildFile; fileRef = 6084779C2A18FD8700F7CD34 /* WishlistProductCellView.swift */; };
		608848312A40A69000ABE843 /* Double+Ext.swift in Sources */ = {isa = PBXBuildFile; fileRef = 608848302A40A69000ABE843 /* Double+Ext.swift */; };
		6090327E2A7965E400E63B35 /* HistoryViewModel.swift in Sources */ = {isa = PBXBuildFile; fileRef = 6090327D2A7965E400E63B35 /* HistoryViewModel.swift */; };
		6090E93129DB46A0007131C5 /* ProductCellView.swift in Sources */ = {isa = PBXBuildFile; fileRef = 6090E93029DB46A0007131C5 /* ProductCellView.swift */; };
		6096E3952A0A91420089F908 /* ZFileManagerError.swift in Sources */ = {isa = PBXBuildFile; fileRef = 6096E3942A0A91420089F908 /* ZFileManagerError.swift */; };
		6096E3992A0BF0BC0089F908 /* Importance.swift in Sources */ = {isa = PBXBuildFile; fileRef = 6096E3982A0BF0BC0089F908 /* Importance.swift */; };
		6096E39B2A0BF20D0089F908 /* SortingType.swift in Sources */ = {isa = PBXBuildFile; fileRef = 6096E39A2A0BF20D0089F908 /* SortingType.swift */; };
		60A030132A00FF5F00818118 /* MyProductsViewModel_Tests.swift in Sources */ = {isa = PBXBuildFile; fileRef = 60A030122A00FF5F00818118 /* MyProductsViewModel_Tests.swift */; };
		60A030152A00FFB500818118 /* MockCoreData.swift in Sources */ = {isa = PBXBuildFile; fileRef = 60A030142A00FFB500818118 /* MockCoreData.swift */; };
		60A030172A0105F000818118 /* MyProductsFilterView.swift in Sources */ = {isa = PBXBuildFile; fileRef = 60A030162A0105F000818118 /* MyProductsFilterView.swift */; };
		60A0301F2A03630500818118 /* CoreDataManager.swift in Sources */ = {isa = PBXBuildFile; fileRef = 60A0301E2A03630500818118 /* CoreDataManager.swift */; };
		60A030212A0410F300818118 /* ProductDetailsView.swift in Sources */ = {isa = PBXBuildFile; fileRef = 60A030202A0410F300818118 /* ProductDetailsView.swift */; };
		60A030232A04110600818118 /* ProductDetailsViewModel.swift in Sources */ = {isa = PBXBuildFile; fileRef = 60A030222A04110600818118 /* ProductDetailsViewModel.swift */; };
		60A5BF0129CCC9B3008EA2A4 /* MyProductsView.swift in Sources */ = {isa = PBXBuildFile; fileRef = 60A5BF0029CCC9B3008EA2A4 /* MyProductsView.swift */; };
		60B090CF29E5A646009BD972 /* StandardButton.swift in Sources */ = {isa = PBXBuildFile; fileRef = 60B090CE29E5A646009BD972 /* StandardButton.swift */; };
		60BAE0FC2A3477B80098F6B9 /* RemoveFocusOnTapModifier.swift in Sources */ = {isa = PBXBuildFile; fileRef = 60BAE0FB2A3477B80098F6B9 /* RemoveFocusOnTapModifier.swift */; };
		60BAE0FE2A3478290098F6B9 /* View+Ext.swift in Sources */ = {isa = PBXBuildFile; fileRef = 60BAE0FD2A3478290098F6B9 /* View+Ext.swift */; };
		60DAF24F2A8B6E9F007C0D08 /* CameraView.swift in Sources */ = {isa = PBXBuildFile; fileRef = 60DAF24E2A8B6E9F007C0D08 /* CameraView.swift */; };
		60DE1BB32A2660190053BF35 /* FullscreenPhotoViewModel.swift in Sources */ = {isa = PBXBuildFile; fileRef = 60DE1BB22A2660190053BF35 /* FullscreenPhotoViewModel.swift */; };
		60E43C952A376876006347FA /* ProductManager.swift in Sources */ = {isa = PBXBuildFile; fileRef = 60E43C942A376876006347FA /* ProductManager.swift */; };
		60EEE33C2A90FEBA00E7CA2A /* CustomCameraController.swift in Sources */ = {isa = PBXBuildFile; fileRef = 60EEE33B2A90FEBA00E7CA2A /* CustomCameraController.swift */; };
		60EEE33E2A90FF1700E7CA2A /* CustomCameraRepresentable.swift in Sources */ = {isa = PBXBuildFile; fileRef = 60EEE33D2A90FF1700E7CA2A /* CustomCameraRepresentable.swift */; };
/* End PBXBuildFile section */

/* Begin PBXContainerItemProxy section */
		606EF9C729C96E130024B7EB /* PBXContainerItemProxy */ = {
			isa = PBXContainerItemProxy;
			containerPortal = 606EF9AE29C96E120024B7EB /* Project object */;
			proxyType = 1;
			remoteGlobalIDString = 606EF9B529C96E120024B7EB;
			remoteInfo = Zenventory;
		};
/* End PBXContainerItemProxy section */

/* Begin PBXFileReference section */
		6009C11C2A66CB5D0089908A /* AddWishlistProductView.swift */ = {isa = PBXFileReference; lastKnownFileType = sourcecode.swift; path = AddWishlistProductView.swift; sourceTree = "<group>"; };
		6016FB3E2A659F320082ABBA /* WishlistViewModel.swift */ = {isa = PBXFileReference; lastKnownFileType = sourcecode.swift; path = WishlistViewModel.swift; sourceTree = "<group>"; };
		60171D842A6AA1690059BD86 /* AddWishlistProductViewModel.swift */ = {isa = PBXFileReference; lastKnownFileType = sourcecode.swift; path = AddWishlistProductViewModel.swift; sourceTree = "<group>"; };
		601A0C112A095ECA00072DBA /* Image+Ext.swift */ = {isa = PBXFileReference; lastKnownFileType = sourcecode.swift; path = "Image+Ext.swift"; sourceTree = "<group>"; };
		601A0C132A09652800072DBA /* PriceTextField.swift */ = {isa = PBXFileReference; lastKnownFileType = sourcecode.swift; path = PriceTextField.swift; sourceTree = "<group>"; };
		60283AC42A1FBCA30075812A /* Date+Ext_Tests.swift */ = {isa = PBXFileReference; lastKnownFileType = sourcecode.swift; path = "Date+Ext_Tests.swift"; sourceTree = "<group>"; };
		60283AC62A1FBE680075812A /* ProductCellViewModel_Tests.swift */ = {isa = PBXFileReference; lastKnownFileType = sourcecode.swift; path = ProductCellViewModel_Tests.swift; sourceTree = "<group>"; };
		602EC15B29DC752F00E8B470 /* WishlistView.swift */ = {isa = PBXFileReference; lastKnownFileType = sourcecode.swift; path = WishlistView.swift; sourceTree = "<group>"; };
		602EC15D29DC844F00E8B470 /* AddProductView.swift */ = {isa = PBXFileReference; lastKnownFileType = sourcecode.swift; path = AddProductView.swift; sourceTree = "<group>"; };
		602EC16029DC84DF00E8B470 /* AddProductViewModel.swift */ = {isa = PBXFileReference; lastKnownFileType = sourcecode.swift; path = AddProductViewModel.swift; sourceTree = "<group>"; };
		603BE4082A8D4D2600FD038D /* CustomCameraView.swift */ = {isa = PBXFileReference; lastKnownFileType = sourcecode.swift; path = CustomCameraView.swift; sourceTree = "<group>"; };
		604B0FCE2A1FC1E900EEBE39 /* HomeViewModel_Tests.swift */ = {isa = PBXFileReference; lastKnownFileType = sourcecode.swift; path = HomeViewModel_Tests.swift; sourceTree = "<group>"; };
		604E77A329F6E56800562F9F /* ZFileManager.swift */ = {isa = PBXFileReference; fileEncoding = 4; lastKnownFileType = sourcecode.swift; path = ZFileManager.swift; sourceTree = "<group>"; };
		604E77A529F97C7D00562F9F /* MyProductsViewModel.swift */ = {isa = PBXFileReference; lastKnownFileType = sourcecode.swift; path = MyProductsViewModel.swift; sourceTree = "<group>"; };
		6051BD2F2A85361100CFFC30 /* TapButtonStyle.swift */ = {isa = PBXFileReference; lastKnownFileType = sourcecode.swift; path = TapButtonStyle.swift; sourceTree = "<group>"; };
		605B5B7529F03E0F00973AD1 /* ProductsContainer.xcdatamodel */ = {isa = PBXFileReference; lastKnownFileType = wrapper.xcdatamodel; path = ProductsContainer.xcdatamodel; sourceTree = "<group>"; };
		605B5B7729F0455C00973AD1 /* CoreDataService.swift */ = {isa = PBXFileReference; lastKnownFileType = sourcecode.swift; path = CoreDataService.swift; sourceTree = "<group>"; };
		605B5B7929F049EB00973AD1 /* HomeViewModel.swift */ = {isa = PBXFileReference; lastKnownFileType = sourcecode.swift; path = HomeViewModel.swift; sourceTree = "<group>"; };
		605B5B7B29F1A1E500973AD1 /* ProductCellViewModel.swift */ = {isa = PBXFileReference; lastKnownFileType = sourcecode.swift; path = ProductCellViewModel.swift; sourceTree = "<group>"; };
		606EF9B629C96E120024B7EB /* Zenventory.app */ = {isa = PBXFileReference; explicitFileType = wrapper.application; includeInIndex = 0; path = Zenventory.app; sourceTree = BUILT_PRODUCTS_DIR; };
		606EF9B929C96E120024B7EB /* ZenventoryApp.swift */ = {isa = PBXFileReference; lastKnownFileType = sourcecode.swift; path = ZenventoryApp.swift; sourceTree = "<group>"; };
		606EF9BB29C96E120024B7EB /* HomeView.swift */ = {isa = PBXFileReference; lastKnownFileType = sourcecode.swift; path = HomeView.swift; sourceTree = "<group>"; };
		606EF9BD29C96E130024B7EB /* Assets.xcassets */ = {isa = PBXFileReference; lastKnownFileType = folder.assetcatalog; path = Assets.xcassets; sourceTree = "<group>"; };
		606EF9C029C96E130024B7EB /* Preview Assets.xcassets */ = {isa = PBXFileReference; lastKnownFileType = folder.assetcatalog; path = "Preview Assets.xcassets"; sourceTree = "<group>"; };
		606EF9C629C96E130024B7EB /* ZenventoryTests.xctest */ = {isa = PBXFileReference; explicitFileType = wrapper.cfbundle; includeInIndex = 0; path = ZenventoryTests.xctest; sourceTree = BUILT_PRODUCTS_DIR; };
		606EF9E429C970EA0024B7EB /* Color+Ext.swift */ = {isa = PBXFileReference; lastKnownFileType = sourcecode.swift; path = "Color+Ext.swift"; sourceTree = "<group>"; };
		606EF9E729C9724E0024B7EB /* TabBarView.swift */ = {isa = PBXFileReference; lastKnownFileType = sourcecode.swift; path = TabBarView.swift; sourceTree = "<group>"; };
		606EF9E929C9725B0024B7EB /* ProfileView.swift */ = {isa = PBXFileReference; lastKnownFileType = sourcecode.swift; path = ProfileView.swift; sourceTree = "<group>"; };
		606EF9EB29C9793A0024B7EB /* ZTabView.swift */ = {isa = PBXFileReference; lastKnownFileType = sourcecode.swift; path = ZTabView.swift; sourceTree = "<group>"; };
		606EF9EE29C980A60024B7EB /* TileView.swift */ = {isa = PBXFileReference; lastKnownFileType = sourcecode.swift; path = TileView.swift; sourceTree = "<group>"; };
		60711EDF2A12B28000E9B60D /* Date+Ext.swift */ = {isa = PBXFileReference; lastKnownFileType = sourcecode.swift; path = "Date+Ext.swift"; sourceTree = "<group>"; };
		607346E629E9BC3000110F01 /* Publisher+Ext.swift */ = {isa = PBXFileReference; lastKnownFileType = sourcecode.swift; path = "Publisher+Ext.swift"; sourceTree = "<group>"; };
		607346ED29EDC8A500110F01 /* TextFieldWithStatus.swift */ = {isa = PBXFileReference; lastKnownFileType = sourcecode.swift; path = TextFieldWithStatus.swift; sourceTree = "<group>"; };
		607346EF29EDCC9700110F01 /* String+Ext.swift */ = {isa = PBXFileReference; lastKnownFileType = sourcecode.swift; path = "String+Ext.swift"; sourceTree = "<group>"; };
		607346F129EEE73300110F01 /* AddProductVModel_Tests.swift */ = {isa = PBXFileReference; lastKnownFileType = sourcecode.swift; path = AddProductVModel_Tests.swift; sourceTree = "<group>"; };
		607346F429EEEE3000110F01 /* String+Ext_Tests.swift */ = {isa = PBXFileReference; lastKnownFileType = sourcecode.swift; path = "String+Ext_Tests.swift"; sourceTree = "<group>"; };
		6074B1272A20F03500D932E5 /* FullscreenPhotoView.swift */ = {isa = PBXFileReference; lastKnownFileType = sourcecode.swift; path = FullscreenPhotoView.swift; sourceTree = "<group>"; };
		6082AC362A72BB7B008ED4F3 /* WishlistProductCellViewModel.swift */ = {isa = PBXFileReference; lastKnownFileType = sourcecode.swift; path = WishlistProductCellViewModel.swift; sourceTree = "<group>"; };
		6082AC3A2A752753008ED4F3 /* HistoryView.swift */ = {isa = PBXFileReference; lastKnownFileType = sourcecode.swift; path = HistoryView.swift; sourceTree = "<group>"; };
		6084779C2A18FD8700F7CD34 /* WishlistProductCellView.swift */ = {isa = PBXFileReference; lastKnownFileType = sourcecode.swift; path = WishlistProductCellView.swift; sourceTree = "<group>"; };
		608848302A40A69000ABE843 /* Double+Ext.swift */ = {isa = PBXFileReference; lastKnownFileType = sourcecode.swift; path = "Double+Ext.swift"; sourceTree = "<group>"; };
		6090327D2A7965E400E63B35 /* HistoryViewModel.swift */ = {isa = PBXFileReference; lastKnownFileType = sourcecode.swift; path = HistoryViewModel.swift; sourceTree = "<group>"; };
		6090E93029DB46A0007131C5 /* ProductCellView.swift */ = {isa = PBXFileReference; lastKnownFileType = sourcecode.swift; path = ProductCellView.swift; sourceTree = "<group>"; };
		6096E3942A0A91420089F908 /* ZFileManagerError.swift */ = {isa = PBXFileReference; lastKnownFileType = sourcecode.swift; path = ZFileManagerError.swift; sourceTree = "<group>"; };
		6096E3982A0BF0BC0089F908 /* Importance.swift */ = {isa = PBXFileReference; lastKnownFileType = sourcecode.swift; path = Importance.swift; sourceTree = "<group>"; };
		6096E39A2A0BF20D0089F908 /* SortingType.swift */ = {isa = PBXFileReference; lastKnownFileType = sourcecode.swift; path = SortingType.swift; sourceTree = "<group>"; };
		60A030122A00FF5F00818118 /* MyProductsViewModel_Tests.swift */ = {isa = PBXFileReference; lastKnownFileType = sourcecode.swift; path = MyProductsViewModel_Tests.swift; sourceTree = "<group>"; };
		60A030142A00FFB500818118 /* MockCoreData.swift */ = {isa = PBXFileReference; lastKnownFileType = sourcecode.swift; path = MockCoreData.swift; sourceTree = "<group>"; };
		60A030162A0105F000818118 /* MyProductsFilterView.swift */ = {isa = PBXFileReference; lastKnownFileType = sourcecode.swift; path = MyProductsFilterView.swift; sourceTree = "<group>"; };
		60A0301E2A03630500818118 /* CoreDataManager.swift */ = {isa = PBXFileReference; lastKnownFileType = sourcecode.swift; path = CoreDataManager.swift; sourceTree = "<group>"; };
		60A030202A0410F300818118 /* ProductDetailsView.swift */ = {isa = PBXFileReference; lastKnownFileType = sourcecode.swift; path = ProductDetailsView.swift; sourceTree = "<group>"; };
		60A030222A04110600818118 /* ProductDetailsViewModel.swift */ = {isa = PBXFileReference; lastKnownFileType = sourcecode.swift; path = ProductDetailsViewModel.swift; sourceTree = "<group>"; };
		60A5BF0029CCC9B3008EA2A4 /* MyProductsView.swift */ = {isa = PBXFileReference; lastKnownFileType = sourcecode.swift; path = MyProductsView.swift; sourceTree = "<group>"; };
		60A5BF0629CCD3C9008EA2A4 /* Info.plist */ = {isa = PBXFileReference; lastKnownFileType = text.plist; path = Info.plist; sourceTree = "<group>"; };
		60B090CE29E5A646009BD972 /* StandardButton.swift */ = {isa = PBXFileReference; lastKnownFileType = sourcecode.swift; path = StandardButton.swift; sourceTree = "<group>"; };
		60BAE0FB2A3477B80098F6B9 /* RemoveFocusOnTapModifier.swift */ = {isa = PBXFileReference; lastKnownFileType = sourcecode.swift; path = RemoveFocusOnTapModifier.swift; sourceTree = "<group>"; };
		60BAE0FD2A3478290098F6B9 /* View+Ext.swift */ = {isa = PBXFileReference; lastKnownFileType = sourcecode.swift; path = "View+Ext.swift"; sourceTree = "<group>"; };
		60DAF24E2A8B6E9F007C0D08 /* CameraView.swift */ = {isa = PBXFileReference; lastKnownFileType = sourcecode.swift; path = CameraView.swift; sourceTree = "<group>"; };
		60DE1BB22A2660190053BF35 /* FullscreenPhotoViewModel.swift */ = {isa = PBXFileReference; lastKnownFileType = sourcecode.swift; path = FullscreenPhotoViewModel.swift; sourceTree = "<group>"; };
		60E43C942A376876006347FA /* ProductManager.swift */ = {isa = PBXFileReference; lastKnownFileType = sourcecode.swift; path = ProductManager.swift; sourceTree = "<group>"; };
		60EEE33B2A90FEBA00E7CA2A /* CustomCameraController.swift */ = {isa = PBXFileReference; lastKnownFileType = sourcecode.swift; path = CustomCameraController.swift; sourceTree = "<group>"; };
		60EEE33D2A90FF1700E7CA2A /* CustomCameraRepresentable.swift */ = {isa = PBXFileReference; lastKnownFileType = sourcecode.swift; path = CustomCameraRepresentable.swift; sourceTree = "<group>"; };
/* End PBXFileReference section */

/* Begin PBXFrameworksBuildPhase section */
		606EF9B329C96E120024B7EB /* Frameworks */ = {
			isa = PBXFrameworksBuildPhase;
			buildActionMask = 2147483647;
			files = (
			);
			runOnlyForDeploymentPostprocessing = 0;
		};
		606EF9C329C96E130024B7EB /* Frameworks */ = {
			isa = PBXFrameworksBuildPhase;
			buildActionMask = 2147483647;
			files = (
			);
			runOnlyForDeploymentPostprocessing = 0;
		};
/* End PBXFrameworksBuildPhase section */

/* Begin PBXGroup section */
		601A0C0E2A095DD100072DBA /* Modifiers */ = {
			isa = PBXGroup;
			children = (
				601A0C132A09652800072DBA /* PriceTextField.swift */,
				60B090CE29E5A646009BD972 /* StandardButton.swift */,
				6051BD2F2A85361100CFFC30 /* TapButtonStyle.swift */,
			);
			path = Modifiers;
			sourceTree = "<group>";
		};
		602EC15F29DC84BC00E8B470 /* ViewModels */ = {
			isa = PBXGroup;
			children = (
				60EEE33A2A90FEA400E7CA2A /* Controllers */,
				602EC16029DC84DF00E8B470 /* AddProductViewModel.swift */,
				6090327D2A7965E400E63B35 /* HistoryViewModel.swift */,
				605B5B7B29F1A1E500973AD1 /* ProductCellViewModel.swift */,
				605B5B7929F049EB00973AD1 /* HomeViewModel.swift */,
				604E77A529F97C7D00562F9F /* MyProductsViewModel.swift */,
				60A030222A04110600818118 /* ProductDetailsViewModel.swift */,
				60DE1BB22A2660190053BF35 /* FullscreenPhotoViewModel.swift */,
				6016FB3E2A659F320082ABBA /* WishlistViewModel.swift */,
				60171D842A6AA1690059BD86 /* AddWishlistProductViewModel.swift */,
				6082AC362A72BB7B008ED4F3 /* WishlistProductCellViewModel.swift */,
			);
			path = ViewModels;
			sourceTree = "<group>";
		};
		606EF9AD29C96E120024B7EB = {
			isa = PBXGroup;
			children = (
				606EF9B829C96E120024B7EB /* Zenventory */,
				606EF9C929C96E130024B7EB /* ZenventoryTests */,
				606EF9B729C96E120024B7EB /* Products */,
			);
			sourceTree = "<group>";
		};
		606EF9B729C96E120024B7EB /* Products */ = {
			isa = PBXGroup;
			children = (
				606EF9B629C96E120024B7EB /* Zenventory.app */,
				606EF9C629C96E130024B7EB /* ZenventoryTests.xctest */,
			);
			name = Products;
			sourceTree = "<group>";
		};
		606EF9B829C96E120024B7EB /* Zenventory */ = {
			isa = PBXGroup;
			children = (
				60A5BF0629CCD3C9008EA2A4 /* Info.plist */,
				6096E3962A0ACB360089F908 /* Services */,
				60A248F329CAC75F00809C51 /* Extensions */,
				60A248F029CAC6CE00809C51 /* Utilities */,
				602EC15F29DC84BC00E8B470 /* ViewModels */,
				606EF9E629C9711F0024B7EB /* Views */,
				606EF9E329C970D00024B7EB /* Model */,
				606EF9B929C96E120024B7EB /* ZenventoryApp.swift */,
				606EF9BD29C96E130024B7EB /* Assets.xcassets */,
				606EF9BF29C96E130024B7EB /* Preview Content */,
			);
			path = Zenventory;
			sourceTree = "<group>";
		};
		606EF9BF29C96E130024B7EB /* Preview Content */ = {
			isa = PBXGroup;
			children = (
				606EF9C029C96E130024B7EB /* Preview Assets.xcassets */,
			);
			path = "Preview Content";
			sourceTree = "<group>";
		};
		606EF9C929C96E130024B7EB /* ZenventoryTests */ = {
			isa = PBXGroup;
			children = (
				607346F329EEEE1400110F01 /* Extensions_Tests */,
				607346F129EEE73300110F01 /* AddProductVModel_Tests.swift */,
				60A030122A00FF5F00818118 /* MyProductsViewModel_Tests.swift */,
				60A030142A00FFB500818118 /* MockCoreData.swift */,
				60283AC62A1FBE680075812A /* ProductCellViewModel_Tests.swift */,
				604B0FCE2A1FC1E900EEBE39 /* HomeViewModel_Tests.swift */,
			);
			path = ZenventoryTests;
			sourceTree = "<group>";
		};
		606EF9E329C970D00024B7EB /* Model */ = {
			isa = PBXGroup;
			children = (
				605B5B7429F03E0F00973AD1 /* ProductsContainer.xcdatamodeld */,
			);
			path = Model;
			sourceTree = "<group>";
		};
		606EF9E629C9711F0024B7EB /* Views */ = {
			isa = PBXGroup;
			children = (
				601A0C0E2A095DD100072DBA /* Modifiers */,
				606EF9ED29C980810024B7EB /* Subviews */,
				606EF9E729C9724E0024B7EB /* TabBarView.swift */,
				606EF9BB29C96E120024B7EB /* HomeView.swift */,
				606EF9E929C9725B0024B7EB /* ProfileView.swift */,
				60A5BF0029CCC9B3008EA2A4 /* MyProductsView.swift */,
				602EC15B29DC752F00E8B470 /* WishlistView.swift */,
				602EC15D29DC844F00E8B470 /* AddProductView.swift */,
				60A030162A0105F000818118 /* MyProductsFilterView.swift */,
				60A030202A0410F300818118 /* ProductDetailsView.swift */,
				6074B1272A20F03500D932E5 /* FullscreenPhotoView.swift */,
				6009C11C2A66CB5D0089908A /* AddWishlistProductView.swift */,
				6082AC3A2A752753008ED4F3 /* HistoryView.swift */,
				60DAF24E2A8B6E9F007C0D08 /* CameraView.swift */,
			);
			path = Views;
			sourceTree = "<group>";
		};
		606EF9ED29C980810024B7EB /* Subviews */ = {
			isa = PBXGroup;
			children = (
				606EF9EB29C9793A0024B7EB /* ZTabView.swift */,
				606EF9EE29C980A60024B7EB /* TileView.swift */,
				6090E93029DB46A0007131C5 /* ProductCellView.swift */,
				607346ED29EDC8A500110F01 /* TextFieldWithStatus.swift */,
				6084779C2A18FD8700F7CD34 /* WishlistProductCellView.swift */,
				603BE4082A8D4D2600FD038D /* CustomCameraView.swift */,
			);
			path = Subviews;
			sourceTree = "<group>";
		};
		607346F329EEEE1400110F01 /* Extensions_Tests */ = {
			isa = PBXGroup;
			children = (
				607346F429EEEE3000110F01 /* String+Ext_Tests.swift */,
				60283AC42A1FBCA30075812A /* Date+Ext_Tests.swift */,
			);
			path = Extensions_Tests;
			sourceTree = "<group>";
		};
		6096E3962A0ACB360089F908 /* Services */ = {
			isa = PBXGroup;
			children = (
				605B5B7729F0455C00973AD1 /* CoreDataService.swift */,
				60A0301E2A03630500818118 /* CoreDataManager.swift */,
				604E77A329F6E56800562F9F /* ZFileManager.swift */,
				6096E3942A0A91420089F908 /* ZFileManagerError.swift */,
				60E43C942A376876006347FA /* ProductManager.swift */,
			);
			path = Services;
			sourceTree = "<group>";
		};
		6096E3972A0BF0AF0089F908 /* Enums */ = {
			isa = PBXGroup;
			children = (
				6096E3982A0BF0BC0089F908 /* Importance.swift */,
				6096E39A2A0BF20D0089F908 /* SortingType.swift */,
			);
			path = Enums;
			sourceTree = "<group>";
		};
		60A248F029CAC6CE00809C51 /* Utilities */ = {
			isa = PBXGroup;
			children = (
				6096E3972A0BF0AF0089F908 /* Enums */,
				60BAE0FB2A3477B80098F6B9 /* RemoveFocusOnTapModifier.swift */,
			);
			path = Utilities;
			sourceTree = "<group>";
		};
		60A248F329CAC75F00809C51 /* Extensions */ = {
			isa = PBXGroup;
			children = (
				607346E629E9BC3000110F01 /* Publisher+Ext.swift */,
				607346EF29EDCC9700110F01 /* String+Ext.swift */,
				606EF9E429C970EA0024B7EB /* Color+Ext.swift */,
				601A0C112A095ECA00072DBA /* Image+Ext.swift */,
				60711EDF2A12B28000E9B60D /* Date+Ext.swift */,
				60BAE0FD2A3478290098F6B9 /* View+Ext.swift */,
				608848302A40A69000ABE843 /* Double+Ext.swift */,
			);
			path = Extensions;
			sourceTree = "<group>";
		};
		60EEE33A2A90FEA400E7CA2A /* Controllers */ = {
			isa = PBXGroup;
			children = (
				60EEE33B2A90FEBA00E7CA2A /* CustomCameraController.swift */,
				60EEE33D2A90FF1700E7CA2A /* CustomCameraRepresentable.swift */,
			);
			path = Controllers;
			sourceTree = "<group>";
		};
/* End PBXGroup section */

/* Begin PBXNativeTarget section */
		606EF9B529C96E120024B7EB /* Zenventory */ = {
			isa = PBXNativeTarget;
			buildConfigurationList = 606EF9DA29C96E130024B7EB /* Build configuration list for PBXNativeTarget "Zenventory" */;
			buildPhases = (
				606EF9B229C96E120024B7EB /* Sources */,
				606EF9B329C96E120024B7EB /* Frameworks */,
				606EF9B429C96E120024B7EB /* Resources */,
				6072B4462A829BE3000D206D /* ShellScript */,
			);
			buildRules = (
			);
			dependencies = (
			);
			name = Zenventory;
			packageProductDependencies = (
			);
			productName = Zenventory;
			productReference = 606EF9B629C96E120024B7EB /* Zenventory.app */;
			productType = "com.apple.product-type.application";
		};
		606EF9C529C96E130024B7EB /* ZenventoryTests */ = {
			isa = PBXNativeTarget;
			buildConfigurationList = 606EF9DD29C96E130024B7EB /* Build configuration list for PBXNativeTarget "ZenventoryTests" */;
			buildPhases = (
				606EF9C229C96E130024B7EB /* Sources */,
				606EF9C329C96E130024B7EB /* Frameworks */,
				606EF9C429C96E130024B7EB /* Resources */,
			);
			buildRules = (
			);
			dependencies = (
				606EF9C829C96E130024B7EB /* PBXTargetDependency */,
			);
			name = ZenventoryTests;
			productName = ZenventoryTests;
			productReference = 606EF9C629C96E130024B7EB /* ZenventoryTests.xctest */;
			productType = "com.apple.product-type.bundle.unit-test";
		};
/* End PBXNativeTarget section */

/* Begin PBXProject section */
		606EF9AE29C96E120024B7EB /* Project object */ = {
			isa = PBXProject;
			attributes = {
				BuildIndependentTargetsInParallel = 1;
				LastSwiftUpdateCheck = 1420;
				LastUpgradeCheck = 1420;
				TargetAttributes = {
					606EF9B529C96E120024B7EB = {
						CreatedOnToolsVersion = 14.2;
					};
					606EF9C529C96E130024B7EB = {
						CreatedOnToolsVersion = 14.2;
						TestTargetID = 606EF9B529C96E120024B7EB;
					};
				};
			};
			buildConfigurationList = 606EF9B129C96E120024B7EB /* Build configuration list for PBXProject "Zenventory" */;
			compatibilityVersion = "Xcode 14.0";
			developmentRegion = en;
			hasScannedForEncodings = 0;
			knownRegions = (
				en,
				Base,
			);
			mainGroup = 606EF9AD29C96E120024B7EB;
			packageReferences = (
			);
			productRefGroup = 606EF9B729C96E120024B7EB /* Products */;
			projectDirPath = "";
			projectRoot = "";
			targets = (
				606EF9B529C96E120024B7EB /* Zenventory */,
				606EF9C529C96E130024B7EB /* ZenventoryTests */,
			);
		};
/* End PBXProject section */

/* Begin PBXResourcesBuildPhase section */
		606EF9B429C96E120024B7EB /* Resources */ = {
			isa = PBXResourcesBuildPhase;
			buildActionMask = 2147483647;
			files = (
				606EF9C129C96E130024B7EB /* Preview Assets.xcassets in Resources */,
				606EF9BE29C96E130024B7EB /* Assets.xcassets in Resources */,
			);
			runOnlyForDeploymentPostprocessing = 0;
		};
		606EF9C429C96E130024B7EB /* Resources */ = {
			isa = PBXResourcesBuildPhase;
			buildActionMask = 2147483647;
			files = (
			);
			runOnlyForDeploymentPostprocessing = 0;
		};
/* End PBXResourcesBuildPhase section */

/* Begin PBXShellScriptBuildPhase section */
		6072B4462A829BE3000D206D /* ShellScript */ = {
			isa = PBXShellScriptBuildPhase;
			alwaysOutOfDate = 1;
			buildActionMask = 12;
			files = (
			);
			inputFileListPaths = (
			);
			inputPaths = (
			);
			outputFileListPaths = (
			);
			outputPaths = (
			);
			runOnlyForDeploymentPostprocessing = 0;
			shellPath = /bin/sh;
			shellScript = "if [[ \"$(uname -m)\" == arm64 ]]; then\n    export PATH=\"/opt/homebrew/bin:$PATH\"\nfi\n\nif which swiftlint >/dev/null; then\n    swiftlint\nelse\n    echo \"warning: SwiftLint not installed, download from github\"\nfi\n";
		};
/* End PBXShellScriptBuildPhase section */

/* Begin PBXSourcesBuildPhase section */
		606EF9B229C96E120024B7EB /* Sources */ = {
			isa = PBXSourcesBuildPhase;
			buildActionMask = 2147483647;
			files = (
				60171D852A6AA1690059BD86 /* AddWishlistProductViewModel.swift in Sources */,
				602EC15E29DC844F00E8B470 /* AddProductView.swift in Sources */,
				602EC16129DC84DF00E8B470 /* AddProductViewModel.swift in Sources */,
				6090E93129DB46A0007131C5 /* ProductCellView.swift in Sources */,
				6096E3992A0BF0BC0089F908 /* Importance.swift in Sources */,
				60BAE0FC2A3477B80098F6B9 /* RemoveFocusOnTapModifier.swift in Sources */,
				6082AC3B2A752753008ED4F3 /* HistoryView.swift in Sources */,
				605B5B7A29F049EB00973AD1 /* HomeViewModel.swift in Sources */,
				604E77A429F6E56800562F9F /* ZFileManager.swift in Sources */,
				60711EE02A12B28000E9B60D /* Date+Ext.swift in Sources */,
				6009C11D2A66CB5D0089908A /* AddWishlistProductView.swift in Sources */,
				60EEE33C2A90FEBA00E7CA2A /* CustomCameraController.swift in Sources */,
				607346F029EDCC9700110F01 /* String+Ext.swift in Sources */,
				6074B1282A20F03500D932E5 /* FullscreenPhotoView.swift in Sources */,
				6051BD302A85361100CFFC30 /* TapButtonStyle.swift in Sources */,
				60E43C952A376876006347FA /* ProductManager.swift in Sources */,
				60DAF24F2A8B6E9F007C0D08 /* CameraView.swift in Sources */,
				6084779D2A18FD8700F7CD34 /* WishlistProductCellView.swift in Sources */,
				602EC15C29DC752F00E8B470 /* WishlistView.swift in Sources */,
				606EF9E529C970EA0024B7EB /* Color+Ext.swift in Sources */,
				60A030172A0105F000818118 /* MyProductsFilterView.swift in Sources */,
				6096E3952A0A91420089F908 /* ZFileManagerError.swift in Sources */,
				606EF9EF29C980A60024B7EB /* TileView.swift in Sources */,
				606EF9EC29C9793A0024B7EB /* ZTabView.swift in Sources */,
				608848312A40A69000ABE843 /* Double+Ext.swift in Sources */,
				604E77A629F97C7D00562F9F /* MyProductsViewModel.swift in Sources */,
				606EF9BC29C96E120024B7EB /* HomeView.swift in Sources */,
				607346E729E9BC3000110F01 /* Publisher+Ext.swift in Sources */,
				606EF9EA29C9725B0024B7EB /* ProfileView.swift in Sources */,
				606EF9E829C9724E0024B7EB /* TabBarView.swift in Sources */,
				6090327E2A7965E400E63B35 /* HistoryViewModel.swift in Sources */,
				601A0C142A09652800072DBA /* PriceTextField.swift in Sources */,
				601A0C122A095ECA00072DBA /* Image+Ext.swift in Sources */,
				6096E39B2A0BF20D0089F908 /* SortingType.swift in Sources */,
				60BAE0FE2A3478290098F6B9 /* View+Ext.swift in Sources */,
				60DE1BB32A2660190053BF35 /* FullscreenPhotoViewModel.swift in Sources */,
				605B5B7829F0455C00973AD1 /* CoreDataService.swift in Sources */,
				60A0301F2A03630500818118 /* CoreDataManager.swift in Sources */,
				60A5BF0129CCC9B3008EA2A4 /* MyProductsView.swift in Sources */,
				605B5B7C29F1A1E500973AD1 /* ProductCellViewModel.swift in Sources */,
				607346EE29EDC8A500110F01 /* TextFieldWithStatus.swift in Sources */,
				6082AC372A72BB7C008ED4F3 /* WishlistProductCellViewModel.swift in Sources */,
				60A030232A04110600818118 /* ProductDetailsViewModel.swift in Sources */,
				60EEE33E2A90FF1700E7CA2A /* CustomCameraRepresentable.swift in Sources */,
				60B090CF29E5A646009BD972 /* StandardButton.swift in Sources */,
				60A030212A0410F300818118 /* ProductDetailsView.swift in Sources */,
				606EF9BA29C96E120024B7EB /* ZenventoryApp.swift in Sources */,
				605B5B7629F03E0F00973AD1 /* ProductsContainer.xcdatamodeld in Sources */,
				6016FB3F2A659F320082ABBA /* WishlistViewModel.swift in Sources */,
				603BE4092A8D4D2600FD038D /* CustomCameraView.swift in Sources */,
			);
			runOnlyForDeploymentPostprocessing = 0;
		};
		606EF9C229C96E130024B7EB /* Sources */ = {
			isa = PBXSourcesBuildPhase;
			buildActionMask = 2147483647;
			files = (
				60283AC72A1FBE680075812A /* ProductCellViewModel_Tests.swift in Sources */,
				607346F529EEEE3000110F01 /* String+Ext_Tests.swift in Sources */,
				604B0FCF2A1FC1E900EEBE39 /* HomeViewModel_Tests.swift in Sources */,
				60283AC52A1FBCA30075812A /* Date+Ext_Tests.swift in Sources */,
				607346F229EEE73300110F01 /* AddProductVModel_Tests.swift in Sources */,
				60A030152A00FFB500818118 /* MockCoreData.swift in Sources */,
				60A030132A00FF5F00818118 /* MyProductsViewModel_Tests.swift in Sources */,
			);
			runOnlyForDeploymentPostprocessing = 0;
		};
/* End PBXSourcesBuildPhase section */

/* Begin PBXTargetDependency section */
		606EF9C829C96E130024B7EB /* PBXTargetDependency */ = {
			isa = PBXTargetDependency;
			target = 606EF9B529C96E120024B7EB /* Zenventory */;
			targetProxy = 606EF9C729C96E130024B7EB /* PBXContainerItemProxy */;
		};
/* End PBXTargetDependency section */

/* Begin XCBuildConfiguration section */
		606EF9D829C96E130024B7EB /* Debug */ = {
			isa = XCBuildConfiguration;
			buildSettings = {
				ALWAYS_SEARCH_USER_PATHS = NO;
				CLANG_ANALYZER_NONNULL = YES;
				CLANG_ANALYZER_NUMBER_OBJECT_CONVERSION = YES_AGGRESSIVE;
				CLANG_CXX_LANGUAGE_STANDARD = "gnu++20";
				CLANG_ENABLE_MODULES = YES;
				CLANG_ENABLE_OBJC_ARC = YES;
				CLANG_ENABLE_OBJC_WEAK = YES;
				CLANG_WARN_BLOCK_CAPTURE_AUTORELEASING = YES;
				CLANG_WARN_BOOL_CONVERSION = YES;
				CLANG_WARN_COMMA = YES;
				CLANG_WARN_CONSTANT_CONVERSION = YES;
				CLANG_WARN_DEPRECATED_OBJC_IMPLEMENTATIONS = YES;
				CLANG_WARN_DIRECT_OBJC_ISA_USAGE = YES_ERROR;
				CLANG_WARN_DOCUMENTATION_COMMENTS = YES;
				CLANG_WARN_EMPTY_BODY = YES;
				CLANG_WARN_ENUM_CONVERSION = YES;
				CLANG_WARN_INFINITE_RECURSION = YES;
				CLANG_WARN_INT_CONVERSION = YES;
				CLANG_WARN_NON_LITERAL_NULL_CONVERSION = YES;
				CLANG_WARN_OBJC_IMPLICIT_RETAIN_SELF = YES;
				CLANG_WARN_OBJC_LITERAL_CONVERSION = YES;
				CLANG_WARN_OBJC_ROOT_CLASS = YES_ERROR;
				CLANG_WARN_QUOTED_INCLUDE_IN_FRAMEWORK_HEADER = YES;
				CLANG_WARN_RANGE_LOOP_ANALYSIS = YES;
				CLANG_WARN_STRICT_PROTOTYPES = YES;
				CLANG_WARN_SUSPICIOUS_MOVE = YES;
				CLANG_WARN_UNGUARDED_AVAILABILITY = YES_AGGRESSIVE;
				CLANG_WARN_UNREACHABLE_CODE = YES;
				CLANG_WARN__DUPLICATE_METHOD_MATCH = YES;
				COPY_PHASE_STRIP = NO;
				DEBUG_INFORMATION_FORMAT = dwarf;
				ENABLE_STRICT_OBJC_MSGSEND = YES;
				ENABLE_TESTABILITY = YES;
				ENABLE_USER_SCRIPT_SANDBOXING = YES;
				GCC_C_LANGUAGE_STANDARD = gnu11;
				GCC_DYNAMIC_NO_PIC = NO;
				GCC_NO_COMMON_BLOCKS = YES;
				GCC_OPTIMIZATION_LEVEL = 0;
				GCC_PREPROCESSOR_DEFINITIONS = (
					"DEBUG=1",
					"$(inherited)",
				);
				GCC_WARN_64_TO_32_BIT_CONVERSION = YES;
				GCC_WARN_ABOUT_RETURN_TYPE = YES_ERROR;
				GCC_WARN_UNDECLARED_SELECTOR = YES;
				GCC_WARN_UNINITIALIZED_AUTOS = YES_AGGRESSIVE;
				GCC_WARN_UNUSED_FUNCTION = YES;
				GCC_WARN_UNUSED_VARIABLE = YES;
				IPHONEOS_DEPLOYMENT_TARGET = 16.2;
				MTL_ENABLE_DEBUG_INFO = INCLUDE_SOURCE;
				MTL_FAST_MATH = YES;
				ONLY_ACTIVE_ARCH = YES;
				SDKROOT = iphoneos;
				SWIFT_ACTIVE_COMPILATION_CONDITIONS = DEBUG;
				SWIFT_OPTIMIZATION_LEVEL = "-Onone";
			};
			name = Debug;
		};
		606EF9D929C96E130024B7EB /* Release */ = {
			isa = XCBuildConfiguration;
			buildSettings = {
				ALWAYS_SEARCH_USER_PATHS = NO;
				CLANG_ANALYZER_NONNULL = YES;
				CLANG_ANALYZER_NUMBER_OBJECT_CONVERSION = YES_AGGRESSIVE;
				CLANG_CXX_LANGUAGE_STANDARD = "gnu++20";
				CLANG_ENABLE_MODULES = YES;
				CLANG_ENABLE_OBJC_ARC = YES;
				CLANG_ENABLE_OBJC_WEAK = YES;
				CLANG_WARN_BLOCK_CAPTURE_AUTORELEASING = YES;
				CLANG_WARN_BOOL_CONVERSION = YES;
				CLANG_WARN_COMMA = YES;
				CLANG_WARN_CONSTANT_CONVERSION = YES;
				CLANG_WARN_DEPRECATED_OBJC_IMPLEMENTATIONS = YES;
				CLANG_WARN_DIRECT_OBJC_ISA_USAGE = YES_ERROR;
				CLANG_WARN_DOCUMENTATION_COMMENTS = YES;
				CLANG_WARN_EMPTY_BODY = YES;
				CLANG_WARN_ENUM_CONVERSION = YES;
				CLANG_WARN_INFINITE_RECURSION = YES;
				CLANG_WARN_INT_CONVERSION = YES;
				CLANG_WARN_NON_LITERAL_NULL_CONVERSION = YES;
				CLANG_WARN_OBJC_IMPLICIT_RETAIN_SELF = YES;
				CLANG_WARN_OBJC_LITERAL_CONVERSION = YES;
				CLANG_WARN_OBJC_ROOT_CLASS = YES_ERROR;
				CLANG_WARN_QUOTED_INCLUDE_IN_FRAMEWORK_HEADER = YES;
				CLANG_WARN_RANGE_LOOP_ANALYSIS = YES;
				CLANG_WARN_STRICT_PROTOTYPES = YES;
				CLANG_WARN_SUSPICIOUS_MOVE = YES;
				CLANG_WARN_UNGUARDED_AVAILABILITY = YES_AGGRESSIVE;
				CLANG_WARN_UNREACHABLE_CODE = YES;
				CLANG_WARN__DUPLICATE_METHOD_MATCH = YES;
				COPY_PHASE_STRIP = NO;
				DEBUG_INFORMATION_FORMAT = "dwarf-with-dsym";
				ENABLE_NS_ASSERTIONS = NO;
				ENABLE_STRICT_OBJC_MSGSEND = YES;
				ENABLE_USER_SCRIPT_SANDBOXING = YES;
				GCC_C_LANGUAGE_STANDARD = gnu11;
				GCC_NO_COMMON_BLOCKS = YES;
				GCC_WARN_64_TO_32_BIT_CONVERSION = YES;
				GCC_WARN_ABOUT_RETURN_TYPE = YES_ERROR;
				GCC_WARN_UNDECLARED_SELECTOR = YES;
				GCC_WARN_UNINITIALIZED_AUTOS = YES_AGGRESSIVE;
				GCC_WARN_UNUSED_FUNCTION = YES;
				GCC_WARN_UNUSED_VARIABLE = YES;
				IPHONEOS_DEPLOYMENT_TARGET = 16.2;
				MTL_ENABLE_DEBUG_INFO = NO;
				MTL_FAST_MATH = YES;
				SDKROOT = iphoneos;
				SWIFT_COMPILATION_MODE = wholemodule;
				SWIFT_OPTIMIZATION_LEVEL = "-O";
				VALIDATE_PRODUCT = YES;
			};
			name = Release;
		};
		606EF9DB29C96E130024B7EB /* Debug */ = {
			isa = XCBuildConfiguration;
			buildSettings = {
				ASSETCATALOG_COMPILER_APPICON_NAME = AppIcon;
				ASSETCATALOG_COMPILER_GLOBAL_ACCENT_COLOR_NAME = AccentColor;
				CODE_SIGN_STYLE = Automatic;
				CURRENT_PROJECT_VERSION = 1;
				DEVELOPMENT_ASSET_PATHS = "\"Zenventory/Preview Content\"";
				DEVELOPMENT_TEAM = 9AWGRVU6P9;
				ENABLE_PREVIEWS = YES;
				ENABLE_USER_SCRIPT_SANDBOXING = NO;
				GENERATE_INFOPLIST_FILE = YES;
				INFOPLIST_FILE = Zenventory/Info.plist;
				INFOPLIST_KEY_LSApplicationCategoryType = "public.app-category.lifestyle";
				INFOPLIST_KEY_NSCameraUsageDescription = "We need the camera permission to add photo.";
				INFOPLIST_KEY_NSPhotoLibraryAddUsageDescription = "We need library permission to allow you choose photo.";
				INFOPLIST_KEY_NSPhotoLibraryUsageDescription = "We need library permission to allow you choose photo.";
				INFOPLIST_KEY_UIApplicationSceneManifest_Generation = YES;
				INFOPLIST_KEY_UIApplicationSupportsIndirectInputEvents = YES;
				INFOPLIST_KEY_UILaunchScreen_Generation = YES;
				INFOPLIST_KEY_UIRequiresFullScreen = YES;
				INFOPLIST_KEY_UISupportedInterfaceOrientations = UIInterfaceOrientationPortrait;
				IPHONEOS_DEPLOYMENT_TARGET = 16.0;
				LD_RUNPATH_SEARCH_PATHS = (
					"$(inherited)",
					"@executable_path/Frameworks",
				);
				MARKETING_VERSION = 0.2.0;
				PRODUCT_BUNDLE_IDENTIFIER = sebastianhajduk.Zenventory;
				PRODUCT_NAME = "$(TARGET_NAME)";
				SWIFT_EMIT_LOC_STRINGS = YES;
				SWIFT_VERSION = 5.0;
				TARGETED_DEVICE_FAMILY = "1,2";
			};
			name = Debug;
		};
		606EF9DC29C96E130024B7EB /* Release */ = {
			isa = XCBuildConfiguration;
			buildSettings = {
				ASSETCATALOG_COMPILER_APPICON_NAME = AppIcon;
				ASSETCATALOG_COMPILER_GLOBAL_ACCENT_COLOR_NAME = AccentColor;
				CODE_SIGN_STYLE = Automatic;
				CURRENT_PROJECT_VERSION = 1;
				DEVELOPMENT_ASSET_PATHS = "\"Zenventory/Preview Content\"";
				DEVELOPMENT_TEAM = 9AWGRVU6P9;
				ENABLE_PREVIEWS = YES;
				ENABLE_USER_SCRIPT_SANDBOXING = NO;
				GENERATE_INFOPLIST_FILE = YES;
				INFOPLIST_FILE = Zenventory/Info.plist;
				INFOPLIST_KEY_LSApplicationCategoryType = "public.app-category.lifestyle";
				INFOPLIST_KEY_NSCameraUsageDescription = "We need the camera permission to add photo.";
				INFOPLIST_KEY_NSPhotoLibraryAddUsageDescription = "We need library permission to allow you choose photo.";
				INFOPLIST_KEY_NSPhotoLibraryUsageDescription = "We need library permission to allow you choose photo.";
				INFOPLIST_KEY_UIApplicationSceneManifest_Generation = YES;
				INFOPLIST_KEY_UIApplicationSupportsIndirectInputEvents = YES;
				INFOPLIST_KEY_UILaunchScreen_Generation = YES;
				INFOPLIST_KEY_UIRequiresFullScreen = YES;
				INFOPLIST_KEY_UISupportedInterfaceOrientations = UIInterfaceOrientationPortrait;
				IPHONEOS_DEPLOYMENT_TARGET = 16.0;
				LD_RUNPATH_SEARCH_PATHS = (
					"$(inherited)",
					"@executable_path/Frameworks",
				);
				MARKETING_VERSION = 0.2.0;
				PRODUCT_BUNDLE_IDENTIFIER = sebastianhajduk.Zenventory;
				PRODUCT_NAME = "$(TARGET_NAME)";
				SWIFT_EMIT_LOC_STRINGS = YES;
				SWIFT_VERSION = 5.0;
				TARGETED_DEVICE_FAMILY = "1,2";
			};
			name = Release;
		};
		606EF9DE29C96E130024B7EB /* Debug */ = {
			isa = XCBuildConfiguration;
			buildSettings = {
				ALWAYS_EMBED_SWIFT_STANDARD_LIBRARIES = YES;
				BUNDLE_LOADER = "$(TEST_HOST)";
				CODE_SIGN_STYLE = Automatic;
				CURRENT_PROJECT_VERSION = 1;
				DEVELOPMENT_TEAM = 9AWGRVU6P9;
				GENERATE_INFOPLIST_FILE = YES;
				IPHONEOS_DEPLOYMENT_TARGET = 16.2;
				MARKETING_VERSION = 1.0;
				PRODUCT_BUNDLE_IDENTIFIER = sebastianhajduk.ZenventoryTests;
				PRODUCT_NAME = "$(TARGET_NAME)";
				SWIFT_EMIT_LOC_STRINGS = NO;
				SWIFT_VERSION = 5.0;
				TARGETED_DEVICE_FAMILY = "1,2";
				TEST_HOST = "$(BUILT_PRODUCTS_DIR)/Zenventory.app/$(BUNDLE_EXECUTABLE_FOLDER_PATH)/Zenventory";
			};
			name = Debug;
		};
		606EF9DF29C96E130024B7EB /* Release */ = {
			isa = XCBuildConfiguration;
			buildSettings = {
				ALWAYS_EMBED_SWIFT_STANDARD_LIBRARIES = YES;
				BUNDLE_LOADER = "$(TEST_HOST)";
				CODE_SIGN_STYLE = Automatic;
				CURRENT_PROJECT_VERSION = 1;
				DEVELOPMENT_TEAM = 9AWGRVU6P9;
				GENERATE_INFOPLIST_FILE = YES;
				IPHONEOS_DEPLOYMENT_TARGET = 16.2;
				MARKETING_VERSION = 1.0;
				PRODUCT_BUNDLE_IDENTIFIER = sebastianhajduk.ZenventoryTests;
				PRODUCT_NAME = "$(TARGET_NAME)";
				SWIFT_EMIT_LOC_STRINGS = NO;
				SWIFT_VERSION = 5.0;
				TARGETED_DEVICE_FAMILY = "1,2";
				TEST_HOST = "$(BUILT_PRODUCTS_DIR)/Zenventory.app/$(BUNDLE_EXECUTABLE_FOLDER_PATH)/Zenventory";
			};
			name = Release;
		};
/* End XCBuildConfiguration section */

/* Begin XCConfigurationList section */
		606EF9B129C96E120024B7EB /* Build configuration list for PBXProject "Zenventory" */ = {
			isa = XCConfigurationList;
			buildConfigurations = (
				606EF9D829C96E130024B7EB /* Debug */,
				606EF9D929C96E130024B7EB /* Release */,
			);
			defaultConfigurationIsVisible = 0;
			defaultConfigurationName = Release;
		};
		606EF9DA29C96E130024B7EB /* Build configuration list for PBXNativeTarget "Zenventory" */ = {
			isa = XCConfigurationList;
			buildConfigurations = (
				606EF9DB29C96E130024B7EB /* Debug */,
				606EF9DC29C96E130024B7EB /* Release */,
			);
			defaultConfigurationIsVisible = 0;
			defaultConfigurationName = Release;
		};
		606EF9DD29C96E130024B7EB /* Build configuration list for PBXNativeTarget "ZenventoryTests" */ = {
			isa = XCConfigurationList;
			buildConfigurations = (
				606EF9DE29C96E130024B7EB /* Debug */,
				606EF9DF29C96E130024B7EB /* Release */,
			);
			defaultConfigurationIsVisible = 0;
			defaultConfigurationName = Release;
		};
/* End XCConfigurationList section */

/* Begin XCVersionGroup section */
		605B5B7429F03E0F00973AD1 /* ProductsContainer.xcdatamodeld */ = {
			isa = XCVersionGroup;
			children = (
				605B5B7529F03E0F00973AD1 /* ProductsContainer.xcdatamodel */,
			);
			currentVersion = 605B5B7529F03E0F00973AD1 /* ProductsContainer.xcdatamodel */;
			path = ProductsContainer.xcdatamodeld;
			sourceTree = "<group>";
			versionGroupType = wrapper.xcdatamodel;
		};
/* End XCVersionGroup section */
	};
	rootObject = 606EF9AE29C96E120024B7EB /* Project object */;
}
